// !$*UTF8*$!
{
	archiveVersion = 1;
	classes = {
	};
	objectVersion = 46;
	objects = {

/* Begin PBXBuildFile section */
		5504BA6418E0EE7A004E3A44 /* Credits.rtf in Resources */ = {isa = PBXBuildFile; fileRef = 55B2818C12416BAA003CEEF4 /* Credits.rtf */; };
		553CAF24123F2F7B008EA480 /* Cocoa.framework in Frameworks */ = {isa = PBXBuildFile; fileRef = 1058C7ADFEA557BF11CA2CBB /* Cocoa.framework */; };
		553CAF25123F2F7B008EA480 /* ScreenSaver.framework in Frameworks */ = {isa = PBXBuildFile; fileRef = 06F27B2DFFEEEFEF11CA0E56 /* ScreenSaver.framework */; };
		55561F71123C133300A73C6A /* Foundation.framework in Frameworks */ = {isa = PBXBuildFile; fileRef = 089C1672FE841209C02AAC07 /* Foundation.framework */; };
		5556EFAA18E0B46000B49E98 /* Foundation.framework in Frameworks */ = {isa = PBXBuildFile; fileRef = 55C3966215A20FCB005DBC66 /* Foundation.framework */; };
		5556EFAB18E0B46000B49E98 /* CoreGraphics.framework in Frameworks */ = {isa = PBXBuildFile; fileRef = 55C3966415A20FCB005DBC66 /* CoreGraphics.framework */; };
		5556EFAC18E0B46000B49E98 /* UIKit.framework in Frameworks */ = {isa = PBXBuildFile; fileRef = 55C3966015A20FCB005DBC66 /* UIKit.framework */; };
		5556EFB218E0B46000B49E98 /* InfoPlist.strings in Resources */ = {isa = PBXBuildFile; fileRef = 5556EFB018E0B46000B49E98 /* InfoPlist.strings */; };
		5556EFC618E0B46000B49E98 /* Images.xcassets in Resources */ = {isa = PBXBuildFile; fileRef = 5556EFC518E0B46000B49E98 /* Images.xcassets */; };
		5556EFCD18E0B46000B49E98 /* XCTest.framework in Frameworks */ = {isa = PBXBuildFile; fileRef = 5556EFCC18E0B46000B49E98 /* XCTest.framework */; };
		5556EFCE18E0B46000B49E98 /* Foundation.framework in Frameworks */ = {isa = PBXBuildFile; fileRef = 55C3966215A20FCB005DBC66 /* Foundation.framework */; };
		5556EFCF18E0B46000B49E98 /* UIKit.framework in Frameworks */ = {isa = PBXBuildFile; fileRef = 55C3966015A20FCB005DBC66 /* UIKit.framework */; };
		5556EFD718E0B46000B49E98 /* InfoPlist.strings in Resources */ = {isa = PBXBuildFile; fileRef = 5556EFD518E0B46000B49E98 /* InfoPlist.strings */; };
		5556EFD918E0B46000B49E98 /* Nonsense_GeneratorTests.m in Sources */ = {isa = PBXBuildFile; fileRef = 5556EFD818E0B46000B49E98 /* Nonsense_GeneratorTests.m */; };
		5558274218E0DE020072F876 /* MainMenu.xib in Resources */ = {isa = PBXBuildFile; fileRef = 5558274418E0DE020072F876 /* MainMenu.xib */; };
		555DD394121EF1BE00C8BB4E /* ScreenSaver.framework in Frameworks */ = {isa = PBXBuildFile; fileRef = 06F27B2DFFEEEFEF11CA0E56 /* ScreenSaver.framework */; };
		557B1DB819F04C58009DFEA5 /* NonsenseObject.swift in Sources */ = {isa = PBXBuildFile; fileRef = 557B1DB719F04C58009DFEA5 /* NonsenseObject.swift */; };
		55882B6D121CB56F00CB16C6 /* NonsenseTesterMain.m in Sources */ = {isa = PBXBuildFile; fileRef = 55882B6C121CB56F00CB16C6 /* NonsenseTesterMain.m */; };
		55882BAB121CBB8700CB16C6 /* NonsenseSettings.xib in Resources */ = {isa = PBXBuildFile; fileRef = 55882BAA121CBB8700CB16C6 /* NonsenseSettings.xib */; };
		558FFD8318E4DAE7009AF7E6 /* InfoPlist.strings in Resources */ = {isa = PBXBuildFile; fileRef = 558FFD8118E4DAE7009AF7E6 /* InfoPlist.strings */; };
		559C663D19EF75A000D35E25 /* Defaults.plist in Resources */ = {isa = PBXBuildFile; fileRef = 559C663C19EF75A000D35E25 /* Defaults.plist */; };
		559C663E19EF75E600D35E25 /* NonsenseSaverController.swift in Sources */ = {isa = PBXBuildFile; fileRef = 55D1A03E19EF5E9700DE3929 /* NonsenseSaverController.swift */; };
		559C663F19EF7A0700D35E25 /* NonsenseSaverController.swift in Sources */ = {isa = PBXBuildFile; fileRef = 55D1A03E19EF5E9700DE3929 /* NonsenseSaverController.swift */; };
		559C664019EF7A0800D35E25 /* NonsenseSaverController.swift in Sources */ = {isa = PBXBuildFile; fileRef = 55D1A03E19EF5E9700DE3929 /* NonsenseSaverController.swift */; };
		559C664119EF7A0900D35E25 /* NonsenseSaverController.swift in Sources */ = {isa = PBXBuildFile; fileRef = 55D1A03E19EF5E9700DE3929 /* NonsenseSaverController.swift */; };
		559C664319EF7C1800D35E25 /* NonsenseSaverView.swift in Sources */ = {isa = PBXBuildFile; fileRef = 559C664219EF7C1800D35E25 /* NonsenseSaverView.swift */; };
		559C664519EF7DAA00D35E25 /* NONSVerb.swift in Sources */ = {isa = PBXBuildFile; fileRef = 559C664419EF7DAA00D35E25 /* NONSVerb.swift */; };
		55B2818D12416BAA003CEEF4 /* Credits.rtf in Resources */ = {isa = PBXBuildFile; fileRef = 55B2818C12416BAA003CEEF4 /* Credits.rtf */; };
		55BBE3511A034BB800DDE9F7 /* Main.storyboard in Resources */ = {isa = PBXBuildFile; fileRef = 55BBE3501A034BB800DDE9F7 /* Main.storyboard */; };
		55BBE3551A034CB500DDE9F7 /* NGAppDelegate.swift in Sources */ = {isa = PBXBuildFile; fileRef = 55BBE3521A034CB500DDE9F7 /* NGAppDelegate.swift */; };
		55BBE3561A034CB500DDE9F7 /* NGDetailViewController.swift in Sources */ = {isa = PBXBuildFile; fileRef = 55BBE3531A034CB500DDE9F7 /* NGDetailViewController.swift */; };
		55BBE3571A034CB500DDE9F7 /* NGMasterViewController.swift in Sources */ = {isa = PBXBuildFile; fileRef = 55BBE3541A034CB500DDE9F7 /* NGMasterViewController.swift */; };
		55EE2D431A06EF5000C10523 /* Defaults.plist in Resources */ = {isa = PBXBuildFile; fileRef = 559C663C19EF75A000D35E25 /* Defaults.plist */; };
		55EE2D441A06EF5100C10523 /* Defaults.plist in Resources */ = {isa = PBXBuildFile; fileRef = 559C663C19EF75A000D35E25 /* Defaults.plist */; };
		55EE2D461A06F01300C10523 /* NonsenseView.swift in Sources */ = {isa = PBXBuildFile; fileRef = 55EE2D451A06F01300C10523 /* NonsenseView.swift */; };
		55EE2D481A06F9F700C10523 /* AppController.swift in Sources */ = {isa = PBXBuildFile; fileRef = 55EE2D471A06F9F700C10523 /* AppController.swift */; };
		55F759FA19F2EC4900B56DF7 /* NONSVerb.swift in Sources */ = {isa = PBXBuildFile; fileRef = 559C664419EF7DAA00D35E25 /* NONSVerb.swift */; };
		55F759FB19F2EC4900B56DF7 /* NonsenseObject.swift in Sources */ = {isa = PBXBuildFile; fileRef = 557B1DB719F04C58009DFEA5 /* NonsenseObject.swift */; };
		55F759FC19F2EC4C00B56DF7 /* NONSVerb.swift in Sources */ = {isa = PBXBuildFile; fileRef = 559C664419EF7DAA00D35E25 /* NONSVerb.swift */; };
		8D255AC70486D3F9007BF209 /* NonsenseSaver_Prefix.pch in Headers */ = {isa = PBXBuildFile; fileRef = 32DBCFA80370C50100C91783 /* NonsenseSaver_Prefix.pch */; };
		8D255AC80486D3F9007BF209 /* NonsenseSaverView.h in Headers */ = {isa = PBXBuildFile; fileRef = F50079790118B23001CA0E54 /* NonsenseSaverView.h */; };
		8D255ACE0486D3F9007BF209 /* Cocoa.framework in Frameworks */ = {isa = PBXBuildFile; fileRef = 1058C7ADFEA557BF11CA2CBB /* Cocoa.framework */; };
		8D255ACF0486D3F9007BF209 /* ScreenSaver.framework in Frameworks */ = {isa = PBXBuildFile; fileRef = 06F27B2DFFEEEFEF11CA0E56 /* ScreenSaver.framework */; };
/* End PBXBuildFile section */

/* Begin PBXContainerItemProxy section */
		5556EFD018E0B46000B49E98 /* PBXContainerItemProxy */ = {
			isa = PBXContainerItemProxy;
			containerPortal = 089C1669FE841209C02AAC07 /* Project object */;
			proxyType = 1;
			remoteGlobalIDString = 5556EFA818E0B46000B49E98;
			remoteInfo = "Nonsense Generator";
		};
/* End PBXContainerItemProxy section */

/* Begin PBXFileReference section */
		06F27B2DFFEEEFEF11CA0E56 /* ScreenSaver.framework */ = {isa = PBXFileReference; lastKnownFileType = wrapper.framework; name = ScreenSaver.framework; path = /System/Library/Frameworks/ScreenSaver.framework; sourceTree = "<absolute>"; };
		089C1672FE841209C02AAC07 /* Foundation.framework */ = {isa = PBXFileReference; lastKnownFileType = wrapper.framework; name = Foundation.framework; path = /System/Library/Frameworks/Foundation.framework; sourceTree = "<absolute>"; };
		089C167FFE841241C02AAC07 /* AppKit.framework */ = {isa = PBXFileReference; lastKnownFileType = wrapper.framework; name = AppKit.framework; path = /System/Library/Frameworks/AppKit.framework; sourceTree = "<absolute>"; };
		1058C7ADFEA557BF11CA2CBB /* Cocoa.framework */ = {isa = PBXFileReference; lastKnownFileType = wrapper.framework; name = Cocoa.framework; path = /System/Library/Frameworks/Cocoa.framework; sourceTree = "<absolute>"; };
		32DBCFA80370C50100C91783 /* NonsenseSaver_Prefix.pch */ = {isa = PBXFileReference; fileEncoding = 4; lastKnownFileType = sourcecode.c.h; path = NonsenseSaver_Prefix.pch; sourceTree = "<group>"; };
		553CAF1A123F2F5B008EA480 /* NONSVisualTester.app */ = {isa = PBXFileReference; explicitFileType = wrapper.application; includeInIndex = 0; path = NONSVisualTester.app; sourceTree = BUILT_PRODUCTS_DIR; };
		553CAF1C123F2F5C008EA480 /* NONSVisualTester-Info.plist */ = {isa = PBXFileReference; lastKnownFileType = text.plist.xml; name = "NONSVisualTester-Info.plist"; path = "../NONSVisualTester-Info.plist"; sourceTree = "<group>"; };
		553CAF20123F2F6B008EA480 /* Cocoa.framework */ = {isa = PBXFileReference; lastKnownFileType = wrapper.framework; name = Cocoa.framework; path = System/Library/Frameworks/Cocoa.framework; sourceTree = SDKROOT; };
		5549DE731350D5CD00745EF3 /* README */ = {isa = PBXFileReference; lastKnownFileType = text; name = README; path = ../README; sourceTree = "<group>"; };
		5556EFA918E0B46000B49E98 /* Nonsense Generator.app */ = {isa = PBXFileReference; explicitFileType = wrapper.application; includeInIndex = 0; path = "Nonsense Generator.app"; sourceTree = BUILT_PRODUCTS_DIR; };
		5556EFAF18E0B46000B49E98 /* Nonsense Generator-Info.plist */ = {isa = PBXFileReference; lastKnownFileType = text.plist.xml; path = "Nonsense Generator-Info.plist"; sourceTree = "<group>"; };
		5556EFB118E0B46000B49E98 /* en */ = {isa = PBXFileReference; lastKnownFileType = text.plist.strings; name = en; path = en.lproj/InfoPlist.strings; sourceTree = "<group>"; };
		5556EFB518E0B46000B49E98 /* Nonsense Generator-Prefix.pch */ = {isa = PBXFileReference; lastKnownFileType = sourcecode.c.h; path = "Nonsense Generator-Prefix.pch"; sourceTree = "<group>"; };
		5556EFC518E0B46000B49E98 /* Images.xcassets */ = {isa = PBXFileReference; lastKnownFileType = folder.assetcatalog; path = Images.xcassets; sourceTree = "<group>"; };
		5556EFCB18E0B46000B49E98 /* Nonsense GeneratorTests.xctest */ = {isa = PBXFileReference; explicitFileType = wrapper.cfbundle; includeInIndex = 0; path = "Nonsense GeneratorTests.xctest"; sourceTree = BUILT_PRODUCTS_DIR; };
		5556EFCC18E0B46000B49E98 /* XCTest.framework */ = {isa = PBXFileReference; lastKnownFileType = wrapper.framework; name = XCTest.framework; path = Library/Frameworks/XCTest.framework; sourceTree = DEVELOPER_DIR; };
		5556EFD418E0B46000B49E98 /* Nonsense GeneratorTests-Info.plist */ = {isa = PBXFileReference; lastKnownFileType = text.plist.xml; path = "Nonsense GeneratorTests-Info.plist"; sourceTree = "<group>"; };
		5556EFD618E0B46000B49E98 /* en */ = {isa = PBXFileReference; lastKnownFileType = text.plist.strings; name = en; path = en.lproj/InfoPlist.strings; sourceTree = "<group>"; };
		5556EFD818E0B46000B49E98 /* Nonsense_GeneratorTests.m */ = {isa = PBXFileReference; lastKnownFileType = sourcecode.c.objc; path = Nonsense_GeneratorTests.m; sourceTree = "<group>"; };
		5558274318E0DE020072F876 /* en */ = {isa = PBXFileReference; lastKnownFileType = file.xib; name = en; path = en.lproj/MainMenu.xib; sourceTree = "<group>"; };
		557B1DB719F04C58009DFEA5 /* NonsenseObject.swift */ = {isa = PBXFileReference; fileEncoding = 4; lastKnownFileType = sourcecode.swift; path = NonsenseObject.swift; sourceTree = "<group>"; };
		55882B5F121CB53400CB16C6 /* NonsenseTester */ = {isa = PBXFileReference; explicitFileType = "compiled.mach-o.executable"; includeInIndex = 0; path = NonsenseTester; sourceTree = BUILT_PRODUCTS_DIR; };
		55882B6C121CB56F00CB16C6 /* NonsenseTesterMain.m */ = {isa = PBXFileReference; fileEncoding = 4; lastKnownFileType = sourcecode.c.objc; path = NonsenseTesterMain.m; sourceTree = "<group>"; };
		55882BAA121CBB8700CB16C6 /* NonsenseSettings.xib */ = {isa = PBXFileReference; lastKnownFileType = file.xib; path = NonsenseSettings.xib; sourceTree = "<group>"; };
		558FFD8218E4DAE7009AF7E6 /* en */ = {isa = PBXFileReference; lastKnownFileType = text.plist.strings; name = en; path = en.lproj/InfoPlist.strings; sourceTree = "<group>"; };
		559C663C19EF75A000D35E25 /* Defaults.plist */ = {isa = PBXFileReference; lastKnownFileType = file.bplist; path = Defaults.plist; sourceTree = "<group>"; };
		559C664219EF7C1800D35E25 /* NonsenseSaverView.swift */ = {isa = PBXFileReference; fileEncoding = 4; lastKnownFileType = sourcecode.swift; path = NonsenseSaverView.swift; sourceTree = "<group>"; };
		559C664419EF7DAA00D35E25 /* NONSVerb.swift */ = {isa = PBXFileReference; fileEncoding = 4; lastKnownFileType = sourcecode.swift; path = NONSVerb.swift; sourceTree = "<group>"; };
		55B2818C12416BAA003CEEF4 /* Credits.rtf */ = {isa = PBXFileReference; lastKnownFileType = text.rtf; path = Credits.rtf; sourceTree = "<group>"; };
		55BBE31B1A0347E800DDE9F7 /* NGSwiftBridge.h */ = {isa = PBXFileReference; lastKnownFileType = sourcecode.c.h; path = NGSwiftBridge.h; sourceTree = "<group>"; };
		55BBE3501A034BB800DDE9F7 /* Main.storyboard */ = {isa = PBXFileReference; fileEncoding = 4; lastKnownFileType = file.storyboard; path = Main.storyboard; sourceTree = "<group>"; };
		55BBE3521A034CB500DDE9F7 /* NGAppDelegate.swift */ = {isa = PBXFileReference; fileEncoding = 4; lastKnownFileType = sourcecode.swift; path = NGAppDelegate.swift; sourceTree = "<group>"; };
		55BBE3531A034CB500DDE9F7 /* NGDetailViewController.swift */ = {isa = PBXFileReference; fileEncoding = 4; lastKnownFileType = sourcecode.swift; path = NGDetailViewController.swift; sourceTree = "<group>"; };
		55BBE3541A034CB500DDE9F7 /* NGMasterViewController.swift */ = {isa = PBXFileReference; fileEncoding = 4; lastKnownFileType = sourcecode.swift; path = NGMasterViewController.swift; sourceTree = "<group>"; };
		55C3966015A20FCB005DBC66 /* UIKit.framework */ = {isa = PBXFileReference; lastKnownFileType = wrapper.framework; name = UIKit.framework; path = Library/Frameworks/UIKit.framework; sourceTree = DEVELOPER_DIR; };
		55C3966215A20FCB005DBC66 /* Foundation.framework */ = {isa = PBXFileReference; lastKnownFileType = wrapper.framework; name = Foundation.framework; path = Library/Frameworks/Foundation.framework; sourceTree = DEVELOPER_DIR; };
		55C3966415A20FCB005DBC66 /* CoreGraphics.framework */ = {isa = PBXFileReference; lastKnownFileType = wrapper.framework; name = CoreGraphics.framework; path = Library/Frameworks/CoreGraphics.framework; sourceTree = DEVELOPER_DIR; };
		55D1A03D19EF5E9600DE3929 /* NonsenseSaver-Bridging-Header.h */ = {isa = PBXFileReference; lastKnownFileType = sourcecode.c.h; path = "NonsenseSaver-Bridging-Header.h"; sourceTree = "<group>"; };
		55D1A03E19EF5E9700DE3929 /* NonsenseSaverController.swift */ = {isa = PBXFileReference; fileEncoding = 4; lastKnownFileType = sourcecode.swift; path = NonsenseSaverController.swift; sourceTree = "<group>"; };
		55EE2D451A06F01300C10523 /* NonsenseView.swift */ = {isa = PBXFileReference; fileEncoding = 4; lastKnownFileType = sourcecode.swift; path = NonsenseView.swift; sourceTree = "<group>"; };
		55EE2D471A06F9F700C10523 /* AppController.swift */ = {isa = PBXFileReference; fileEncoding = 4; lastKnownFileType = sourcecode.swift; path = AppController.swift; sourceTree = "<group>"; };
		8D255AD20486D3F9007BF209 /* Info.plist */ = {isa = PBXFileReference; fileEncoding = 4; lastKnownFileType = text.plist.xml; name = Info.plist; path = ../Info.plist; sourceTree = "<group>"; };
		8D255AD30486D3F9007BF209 /* NonsenseSaver.saver */ = {isa = PBXFileReference; explicitFileType = wrapper.cfbundle; includeInIndex = 0; path = NonsenseSaver.saver; sourceTree = BUILT_PRODUCTS_DIR; };
		F50079790118B23001CA0E54 /* NonsenseSaverView.h */ = {isa = PBXFileReference; fileEncoding = 4; lastKnownFileType = sourcecode.c.h; path = NonsenseSaverView.h; sourceTree = "<group>"; };
		F500797A0118B23001CA0E54 /* NonsenseSaverView.m */ = {isa = PBXFileReference; fileEncoding = 4; lastKnownFileType = sourcecode.c.objc; path = NonsenseSaverView.m; sourceTree = "<group>"; };
/* End PBXFileReference section */

/* Begin PBXFrameworksBuildPhase section */
		553CAF18123F2F5B008EA480 /* Frameworks */ = {
			isa = PBXFrameworksBuildPhase;
			buildActionMask = 2147483647;
			files = (
				553CAF24123F2F7B008EA480 /* Cocoa.framework in Frameworks */,
				553CAF25123F2F7B008EA480 /* ScreenSaver.framework in Frameworks */,
			);
			runOnlyForDeploymentPostprocessing = 0;
		};
		5556EFA618E0B46000B49E98 /* Frameworks */ = {
			isa = PBXFrameworksBuildPhase;
			buildActionMask = 2147483647;
			files = (
				5556EFAB18E0B46000B49E98 /* CoreGraphics.framework in Frameworks */,
				5556EFAC18E0B46000B49E98 /* UIKit.framework in Frameworks */,
				5556EFAA18E0B46000B49E98 /* Foundation.framework in Frameworks */,
			);
			runOnlyForDeploymentPostprocessing = 0;
		};
		5556EFC818E0B46000B49E98 /* Frameworks */ = {
			isa = PBXFrameworksBuildPhase;
			buildActionMask = 2147483647;
			files = (
				5556EFCD18E0B46000B49E98 /* XCTest.framework in Frameworks */,
				5556EFCF18E0B46000B49E98 /* UIKit.framework in Frameworks */,
				5556EFCE18E0B46000B49E98 /* Foundation.framework in Frameworks */,
			);
			runOnlyForDeploymentPostprocessing = 0;
		};
		55882B5D121CB53400CB16C6 /* Frameworks */ = {
			isa = PBXFrameworksBuildPhase;
			buildActionMask = 2147483647;
			files = (
				555DD394121EF1BE00C8BB4E /* ScreenSaver.framework in Frameworks */,
				55561F71123C133300A73C6A /* Foundation.framework in Frameworks */,
			);
			runOnlyForDeploymentPostprocessing = 0;
		};
		8D255ACD0486D3F9007BF209 /* Frameworks */ = {
			isa = PBXFrameworksBuildPhase;
			buildActionMask = 2147483647;
			files = (
				8D255ACE0486D3F9007BF209 /* Cocoa.framework in Frameworks */,
				8D255ACF0486D3F9007BF209 /* ScreenSaver.framework in Frameworks */,
			);
			runOnlyForDeploymentPostprocessing = 0;
		};
/* End PBXFrameworksBuildPhase section */

/* Begin PBXGroup section */
		089C166AFE841209C02AAC07 /* NonsenseSaver */ = {
			isa = PBXGroup;
			children = (
				08FB77AFFE84173DC02AAC07 /* Classes */,
				32DBCFA70370C4F300C91783 /* Other Sources */,
				089C167CFE841241C02AAC07 /* Resources */,
				089C1671FE841209C02AAC07 /* Frameworks and Libraries */,
				5556EFAD18E0B46000B49E98 /* Nonsense Generator */,
				5556EFD218E0B46000B49E98 /* Nonsense GeneratorTests */,
				55C3965F15A20FCB005DBC66 /* Frameworks */,
				19C28FB8FE9D52D311CA2CBB /* Products */,
			);
			name = NonsenseSaver;
			sourceTree = "<group>";
		};
		089C1671FE841209C02AAC07 /* Frameworks and Libraries */ = {
			isa = PBXGroup;
			children = (
				1058C7ACFEA557BF11CA2CBB /* Linked Frameworks */,
				1058C7AEFEA557BF11CA2CBB /* Other Frameworks */,
			);
			name = "Frameworks and Libraries";
			sourceTree = "<group>";
		};
		089C167CFE841241C02AAC07 /* Resources */ = {
			isa = PBXGroup;
			children = (
				559C663C19EF75A000D35E25 /* Defaults.plist */,
				5549DE731350D5CD00745EF3 /* README */,
				55882BAA121CBB8700CB16C6 /* NonsenseSettings.xib */,
				553CAF1C123F2F5C008EA480 /* NONSVisualTester-Info.plist */,
				558FFD8118E4DAE7009AF7E6 /* InfoPlist.strings */,
				8D255AD20486D3F9007BF209 /* Info.plist */,
				55B2818C12416BAA003CEEF4 /* Credits.rtf */,
			);
			path = Resources;
			sourceTree = "<group>";
		};
		08FB77AFFE84173DC02AAC07 /* Classes */ = {
			isa = PBXGroup;
			children = (
				55D1A03D19EF5E9600DE3929 /* NonsenseSaver-Bridging-Header.h */,
				559C664219EF7C1800D35E25 /* NonsenseSaverView.swift */,
				F50079790118B23001CA0E54 /* NonsenseSaverView.h */,
				F500797A0118B23001CA0E54 /* NonsenseSaverView.m */,
				559C664419EF7DAA00D35E25 /* NONSVerb.swift */,
				55D1A03E19EF5E9700DE3929 /* NonsenseSaverController.swift */,
				557B1DB719F04C58009DFEA5 /* NonsenseObject.swift */,
				553CAF2F123F2FF3008EA480 /* Testing Classes */,
			);
			name = Classes;
			sourceTree = "<group>";
		};
		1058C7ACFEA557BF11CA2CBB /* Linked Frameworks */ = {
			isa = PBXGroup;
			children = (
				1058C7ADFEA557BF11CA2CBB /* Cocoa.framework */,
				06F27B2DFFEEEFEF11CA0E56 /* ScreenSaver.framework */,
			);
			name = "Linked Frameworks";
			sourceTree = "<group>";
		};
		1058C7AEFEA557BF11CA2CBB /* Other Frameworks */ = {
			isa = PBXGroup;
			children = (
				553CAF20123F2F6B008EA480 /* Cocoa.framework */,
				089C1672FE841209C02AAC07 /* Foundation.framework */,
				089C167FFE841241C02AAC07 /* AppKit.framework */,
			);
			name = "Other Frameworks";
			sourceTree = "<group>";
		};
		19C28FB8FE9D52D311CA2CBB /* Products */ = {
			isa = PBXGroup;
			children = (
				8D255AD30486D3F9007BF209 /* NonsenseSaver.saver */,
				55882B5F121CB53400CB16C6 /* NonsenseTester */,
				553CAF1A123F2F5B008EA480 /* NONSVisualTester.app */,
				5556EFA918E0B46000B49E98 /* Nonsense Generator.app */,
				5556EFCB18E0B46000B49E98 /* Nonsense GeneratorTests.xctest */,
			);
			name = Products;
			sourceTree = "<group>";
		};
		32DBCFA70370C4F300C91783 /* Other Sources */ = {
			isa = PBXGroup;
			children = (
				55882B6C121CB56F00CB16C6 /* NonsenseTesterMain.m */,
				32DBCFA80370C50100C91783 /* NonsenseSaver_Prefix.pch */,
			);
			name = "Other Sources";
			sourceTree = "<group>";
		};
		553CAF2F123F2FF3008EA480 /* Testing Classes */ = {
			isa = PBXGroup;
			children = (
				55EE2D471A06F9F700C10523 /* AppController.swift */,
				55EE2D451A06F01300C10523 /* NonsenseView.swift */,
				5558274418E0DE020072F876 /* MainMenu.xib */,
			);
			name = "Testing Classes";
			path = NONSVisualTester;
			sourceTree = "<group>";
		};
		5556EFAD18E0B46000B49E98 /* Nonsense Generator */ = {
			isa = PBXGroup;
			children = (
				55BBE31B1A0347E800DDE9F7 /* NGSwiftBridge.h */,
				55BBE3521A034CB500DDE9F7 /* NGAppDelegate.swift */,
				55BBE3531A034CB500DDE9F7 /* NGDetailViewController.swift */,
				55BBE3541A034CB500DDE9F7 /* NGMasterViewController.swift */,
				55BBE3501A034BB800DDE9F7 /* Main.storyboard */,
				5556EFC518E0B46000B49E98 /* Images.xcassets */,
				5556EFAE18E0B46000B49E98 /* Supporting Files */,
			);
			path = "Nonsense Generator";
			sourceTree = "<group>";
		};
		5556EFAE18E0B46000B49E98 /* Supporting Files */ = {
			isa = PBXGroup;
			children = (
				5556EFAF18E0B46000B49E98 /* Nonsense Generator-Info.plist */,
				5556EFB018E0B46000B49E98 /* InfoPlist.strings */,
				5556EFB518E0B46000B49E98 /* Nonsense Generator-Prefix.pch */,
			);
			name = "Supporting Files";
			sourceTree = "<group>";
		};
		5556EFD218E0B46000B49E98 /* Nonsense GeneratorTests */ = {
			isa = PBXGroup;
			children = (
				5556EFD818E0B46000B49E98 /* Nonsense_GeneratorTests.m */,
				5556EFD318E0B46000B49E98 /* Supporting Files */,
			);
			path = "Nonsense GeneratorTests";
			sourceTree = "<group>";
		};
		5556EFD318E0B46000B49E98 /* Supporting Files */ = {
			isa = PBXGroup;
			children = (
				5556EFD418E0B46000B49E98 /* Nonsense GeneratorTests-Info.plist */,
				5556EFD518E0B46000B49E98 /* InfoPlist.strings */,
			);
			name = "Supporting Files";
			sourceTree = "<group>";
		};
		55C3965F15A20FCB005DBC66 /* Frameworks */ = {
			isa = PBXGroup;
			children = (
				55C3966015A20FCB005DBC66 /* UIKit.framework */,
				55C3966215A20FCB005DBC66 /* Foundation.framework */,
				55C3966415A20FCB005DBC66 /* CoreGraphics.framework */,
				5556EFCC18E0B46000B49E98 /* XCTest.framework */,
			);
			name = Frameworks;
			sourceTree = "<group>";
		};
/* End PBXGroup section */

/* Begin PBXHeadersBuildPhase section */
		8D255AC60486D3F9007BF209 /* Headers */ = {
			isa = PBXHeadersBuildPhase;
			buildActionMask = 2147483647;
			files = (
				8D255AC70486D3F9007BF209 /* NonsenseSaver_Prefix.pch in Headers */,
				8D255AC80486D3F9007BF209 /* NonsenseSaverView.h in Headers */,
			);
			runOnlyForDeploymentPostprocessing = 0;
		};
/* End PBXHeadersBuildPhase section */

/* Begin PBXNativeTarget section */
		553CAF19123F2F5B008EA480 /* NONSVisualTester */ = {
			isa = PBXNativeTarget;
			buildConfigurationList = 553CAF1F123F2F5C008EA480 /* Build configuration list for PBXNativeTarget "NONSVisualTester" */;
			buildPhases = (
				553CAF16123F2F5B008EA480 /* Resources */,
				553CAF17123F2F5B008EA480 /* Sources */,
				553CAF18123F2F5B008EA480 /* Frameworks */,
			);
			buildRules = (
			);
			dependencies = (
			);
			name = NONSVisualTester;
			productName = NONSVisualTester;
			productReference = 553CAF1A123F2F5B008EA480 /* NONSVisualTester.app */;
			productType = "com.apple.product-type.application";
		};
		5556EFA818E0B46000B49E98 /* Nonsense Generator */ = {
			isa = PBXNativeTarget;
			buildConfigurationList = 5556EFDA18E0B46000B49E98 /* Build configuration list for PBXNativeTarget "Nonsense Generator" */;
			buildPhases = (
				5556EFA518E0B46000B49E98 /* Sources */,
				5556EFA618E0B46000B49E98 /* Frameworks */,
				5556EFA718E0B46000B49E98 /* Resources */,
			);
			buildRules = (
			);
			dependencies = (
			);
			name = "Nonsense Generator";
			productName = "Nonsense Generator";
			productReference = 5556EFA918E0B46000B49E98 /* Nonsense Generator.app */;
			productType = "com.apple.product-type.application";
		};
		5556EFCA18E0B46000B49E98 /* Nonsense GeneratorTests */ = {
			isa = PBXNativeTarget;
			buildConfigurationList = 5556EFDD18E0B46000B49E98 /* Build configuration list for PBXNativeTarget "Nonsense GeneratorTests" */;
			buildPhases = (
				5556EFC718E0B46000B49E98 /* Sources */,
				5556EFC818E0B46000B49E98 /* Frameworks */,
				5556EFC918E0B46000B49E98 /* Resources */,
			);
			buildRules = (
			);
			dependencies = (
				5556EFD118E0B46000B49E98 /* PBXTargetDependency */,
			);
			name = "Nonsense GeneratorTests";
			productName = "Nonsense GeneratorTests";
			productReference = 5556EFCB18E0B46000B49E98 /* Nonsense GeneratorTests.xctest */;
			productType = "com.apple.product-type.bundle.unit-test";
		};
		55882B5E121CB53400CB16C6 /* NonsenseTester */ = {
			isa = PBXNativeTarget;
			buildConfigurationList = 55882B6B121CB54900CB16C6 /* Build configuration list for PBXNativeTarget "NonsenseTester" */;
			buildPhases = (
				55882B5C121CB53400CB16C6 /* Sources */,
				55882B5D121CB53400CB16C6 /* Frameworks */,
			);
			buildRules = (
			);
			dependencies = (
			);
			name = NonsenseTester;
			productName = NonsenseTester;
			productReference = 55882B5F121CB53400CB16C6 /* NonsenseTester */;
			productType = "com.apple.product-type.tool";
		};
		8D255AC50486D3F9007BF209 /* NonsenseSaver */ = {
			isa = PBXNativeTarget;
			buildConfigurationList = EF7AD72D08BB986600CE4634 /* Build configuration list for PBXNativeTarget "NonsenseSaver" */;
			buildPhases = (
				8D255AC60486D3F9007BF209 /* Headers */,
				8D255AC90486D3F9007BF209 /* Resources */,
				8D255ACB0486D3F9007BF209 /* Sources */,
				8D255ACD0486D3F9007BF209 /* Frameworks */,
			);
			buildRules = (
			);
			dependencies = (
			);
			name = NonsenseSaver;
			productInstallPath = "$(HOME)/Library/Screen Savers";
			productName = NonsenseSaver;
			productReference = 8D255AD30486D3F9007BF209 /* NonsenseSaver.saver */;
			productType = "com.apple.product-type.bundle";
		};
/* End PBXNativeTarget section */

/* Begin PBXProject section */
		089C1669FE841209C02AAC07 /* Project object */ = {
			isa = PBXProject;
			attributes = {
				LastUpgradeCheck = 0610;
				TargetAttributes = {
					5556EFCA18E0B46000B49E98 = {
						TestTargetID = 5556EFA818E0B46000B49E98;
					};
				};
			};
			buildConfigurationList = EF7AD73108BB986600CE4634 /* Build configuration list for PBXProject "NonsenseSaver" */;
			compatibilityVersion = "Xcode 3.2";
			developmentRegion = English;
			hasScannedForEncodings = 1;
			knownRegions = (
				English,
				Japanese,
				French,
				German,
				en,
				Base,
			);
			mainGroup = 089C166AFE841209C02AAC07 /* NonsenseSaver */;
			projectDirPath = "";
			projectRoot = "";
			targets = (
				8D255AC50486D3F9007BF209 /* NonsenseSaver */,
				55882B5E121CB53400CB16C6 /* NonsenseTester */,
				553CAF19123F2F5B008EA480 /* NONSVisualTester */,
				5556EFA818E0B46000B49E98 /* Nonsense Generator */,
				5556EFCA18E0B46000B49E98 /* Nonsense GeneratorTests */,
			);
		};
/* End PBXProject section */

/* Begin PBXResourcesBuildPhase section */
		553CAF16123F2F5B008EA480 /* Resources */ = {
			isa = PBXResourcesBuildPhase;
			buildActionMask = 2147483647;
			files = (
				5558274218E0DE020072F876 /* MainMenu.xib in Resources */,
				5504BA6418E0EE7A004E3A44 /* Credits.rtf in Resources */,
				55EE2D431A06EF5000C10523 /* Defaults.plist in Resources */,
			);
			runOnlyForDeploymentPostprocessing = 0;
		};
		5556EFA718E0B46000B49E98 /* Resources */ = {
			isa = PBXResourcesBuildPhase;
			buildActionMask = 2147483647;
			files = (
				55EE2D441A06EF5100C10523 /* Defaults.plist in Resources */,
				55BBE3511A034BB800DDE9F7 /* Main.storyboard in Resources */,
				5556EFC618E0B46000B49E98 /* Images.xcassets in Resources */,
				5556EFB218E0B46000B49E98 /* InfoPlist.strings in Resources */,
			);
			runOnlyForDeploymentPostprocessing = 0;
		};
		5556EFC918E0B46000B49E98 /* Resources */ = {
			isa = PBXResourcesBuildPhase;
			buildActionMask = 2147483647;
			files = (
				5556EFD718E0B46000B49E98 /* InfoPlist.strings in Resources */,
			);
			runOnlyForDeploymentPostprocessing = 0;
		};
		8D255AC90486D3F9007BF209 /* Resources */ = {
			isa = PBXResourcesBuildPhase;
			buildActionMask = 2147483647;
			files = (
				559C663D19EF75A000D35E25 /* Defaults.plist in Resources */,
				55882BAB121CBB8700CB16C6 /* NonsenseSettings.xib in Resources */,
				558FFD8318E4DAE7009AF7E6 /* InfoPlist.strings in Resources */,
				55B2818D12416BAA003CEEF4 /* Credits.rtf in Resources */,
			);
			runOnlyForDeploymentPostprocessing = 0;
		};
/* End PBXResourcesBuildPhase section */

/* Begin PBXSourcesBuildPhase section */
		553CAF17123F2F5B008EA480 /* Sources */ = {
			isa = PBXSourcesBuildPhase;
			buildActionMask = 2147483647;
			files = (
				559C664019EF7A0800D35E25 /* NonsenseSaverController.swift in Sources */,
				55F759FB19F2EC4900B56DF7 /* NonsenseObject.swift in Sources */,
				55EE2D461A06F01300C10523 /* NonsenseView.swift in Sources */,
				55F759FA19F2EC4900B56DF7 /* NONSVerb.swift in Sources */,
				55EE2D481A06F9F700C10523 /* AppController.swift in Sources */,
			);
			runOnlyForDeploymentPostprocessing = 0;
		};
		5556EFA518E0B46000B49E98 /* Sources */ = {
			isa = PBXSourcesBuildPhase;
			buildActionMask = 2147483647;
			files = (
				559C664119EF7A0900D35E25 /* NonsenseSaverController.swift in Sources */,
				55BBE3551A034CB500DDE9F7 /* NGAppDelegate.swift in Sources */,
				55BBE3571A034CB500DDE9F7 /* NGMasterViewController.swift in Sources */,
				55F759FC19F2EC4C00B56DF7 /* NONSVerb.swift in Sources */,
				55BBE3561A034CB500DDE9F7 /* NGDetailViewController.swift in Sources */,
			);
			runOnlyForDeploymentPostprocessing = 0;
		};
		5556EFC718E0B46000B49E98 /* Sources */ = {
			isa = PBXSourcesBuildPhase;
			buildActionMask = 2147483647;
			files = (
				5556EFD918E0B46000B49E98 /* Nonsense_GeneratorTests.m in Sources */,
			);
			runOnlyForDeploymentPostprocessing = 0;
		};
		55882B5C121CB53400CB16C6 /* Sources */ = {
			isa = PBXSourcesBuildPhase;
			buildActionMask = 2147483647;
			files = (
				559C663F19EF7A0700D35E25 /* NonsenseSaverController.swift in Sources */,
				55882B6D121CB56F00CB16C6 /* NonsenseTesterMain.m in Sources */,
			);
			runOnlyForDeploymentPostprocessing = 0;
		};
		8D255ACB0486D3F9007BF209 /* Sources */ = {
			isa = PBXSourcesBuildPhase;
			buildActionMask = 2147483647;
			files = (
				559C663E19EF75E600D35E25 /* NonsenseSaverController.swift in Sources */,
				557B1DB819F04C58009DFEA5 /* NonsenseObject.swift in Sources */,
				559C664319EF7C1800D35E25 /* NonsenseSaverView.swift in Sources */,
				559C664519EF7DAA00D35E25 /* NONSVerb.swift in Sources */,
			);
			runOnlyForDeploymentPostprocessing = 0;
		};
/* End PBXSourcesBuildPhase section */

/* Begin PBXTargetDependency section */
		5556EFD118E0B46000B49E98 /* PBXTargetDependency */ = {
			isa = PBXTargetDependency;
			target = 5556EFA818E0B46000B49E98 /* Nonsense Generator */;
			targetProxy = 5556EFD018E0B46000B49E98 /* PBXContainerItemProxy */;
		};
/* End PBXTargetDependency section */

/* Begin PBXVariantGroup section */
		5556EFB018E0B46000B49E98 /* InfoPlist.strings */ = {
			isa = PBXVariantGroup;
			children = (
				5556EFB118E0B46000B49E98 /* en */,
			);
			name = InfoPlist.strings;
			sourceTree = "<group>";
		};
		5556EFD518E0B46000B49E98 /* InfoPlist.strings */ = {
			isa = PBXVariantGroup;
			children = (
				5556EFD618E0B46000B49E98 /* en */,
			);
			name = InfoPlist.strings;
			sourceTree = "<group>";
		};
		5558274418E0DE020072F876 /* MainMenu.xib */ = {
			isa = PBXVariantGroup;
			children = (
				5558274318E0DE020072F876 /* en */,
			);
			name = MainMenu.xib;
			path = ../Resources;
			sourceTree = "<group>";
		};
		558FFD8118E4DAE7009AF7E6 /* InfoPlist.strings */ = {
			isa = PBXVariantGroup;
			children = (
				558FFD8218E4DAE7009AF7E6 /* en */,
			);
			name = InfoPlist.strings;
			sourceTree = "<group>";
		};
/* End PBXVariantGroup section */

/* Begin XCBuildConfiguration section */
		553CAF1D123F2F5C008EA480 /* Debug */ = {
			isa = XCBuildConfiguration;
			buildSettings = {
				ALWAYS_SEARCH_USER_PATHS = NO;
				COMBINE_HIDPI_IMAGES = YES;
				EMBEDDED_CONTENT_CONTAINS_SWIFT = YES;
				GCC_PRECOMPILE_PREFIX_HEADER = YES;
				GCC_PREFIX_HEADER = NonsenseSaver_Prefix.pch;
				GCC_PREPROCESSOR_DEFINITIONS = "$(inherited)";
				INFOPLIST_FILE = "NONSVisualTester-Info.plist";
				INSTALL_PATH = "$(HOME)/Applications";
				LD_RUNPATH_SEARCH_PATHS = "@executable_path/../Frameworks @loader_path/../Frameworks $(inherited)";
				PRODUCT_NAME = NONSVisualTester;
			};
			name = Debug;
		};
		553CAF1E123F2F5C008EA480 /* Release */ = {
			isa = XCBuildConfiguration;
			buildSettings = {
				ALWAYS_SEARCH_USER_PATHS = NO;
				COMBINE_HIDPI_IMAGES = YES;
				EMBEDDED_CONTENT_CONTAINS_SWIFT = YES;
				GCC_PRECOMPILE_PREFIX_HEADER = YES;
				GCC_PREFIX_HEADER = NonsenseSaver_Prefix.pch;
				GCC_PREPROCESSOR_DEFINITIONS = "$(inherited)";
				INFOPLIST_FILE = "NONSVisualTester-Info.plist";
				INSTALL_PATH = "$(HOME)/Applications";
				LD_RUNPATH_SEARCH_PATHS = "@executable_path/../Frameworks @loader_path/../Frameworks $(inherited)";
				PRODUCT_NAME = NONSVisualTester;
			};
			name = Release;
		};
		5556EFDB18E0B46000B49E98 /* Debug */ = {
			isa = XCBuildConfiguration;
			buildSettings = {
				ALWAYS_SEARCH_USER_PATHS = NO;
				ASSETCATALOG_COMPILER_APPICON_NAME = AppIcon;
				ASSETCATALOG_COMPILER_LAUNCHIMAGE_NAME = LaunchImage;
				"CODE_SIGN_IDENTITY[sdk=iphoneos*]" = "iPhone Developer";
				FRAMEWORK_SEARCH_PATHS = (
					"$(inherited)",
					"$(DEVELOPER_FRAMEWORKS_DIR)",
				);
				GCC_PRECOMPILE_PREFIX_HEADER = YES;
				GCC_PREFIX_HEADER = "Nonsense Generator/Nonsense Generator-Prefix.pch";
				GCC_PREPROCESSOR_DEFINITIONS = "$(inherited)";
				INFOPLIST_FILE = "Nonsense Generator/Nonsense Generator-Info.plist";
				IPHONEOS_DEPLOYMENT_TARGET = 8.1;
				LD_RUNPATH_SEARCH_PATHS = "@executable_path/Frameworks $(inherited)";
				MACOSX_DEPLOYMENT_TARGET = "";
				PRODUCT_NAME = "$(TARGET_NAME)";
				SDKROOT = iphoneos;
				SWIFT_OBJC_BRIDGING_HEADER = "Nonsense Generator/NGSwiftBridge.h";
				TARGETED_DEVICE_FAMILY = "1,2";
				WRAPPER_EXTENSION = app;
			};
			name = Debug;
		};
		5556EFDC18E0B46000B49E98 /* Release */ = {
			isa = XCBuildConfiguration;
			buildSettings = {
				ALWAYS_SEARCH_USER_PATHS = NO;
				ASSETCATALOG_COMPILER_APPICON_NAME = AppIcon;
				ASSETCATALOG_COMPILER_LAUNCHIMAGE_NAME = LaunchImage;
				"CODE_SIGN_IDENTITY[sdk=iphoneos*]" = "iPhone Developer";
				FRAMEWORK_SEARCH_PATHS = (
					"$(inherited)",
					"$(DEVELOPER_FRAMEWORKS_DIR)",
				);
				GCC_PRECOMPILE_PREFIX_HEADER = YES;
				GCC_PREFIX_HEADER = "Nonsense Generator/Nonsense Generator-Prefix.pch";
				GCC_PREPROCESSOR_DEFINITIONS = "$(inherited)";
				INFOPLIST_FILE = "Nonsense Generator/Nonsense Generator-Info.plist";
				IPHONEOS_DEPLOYMENT_TARGET = 8.1;
				LD_RUNPATH_SEARCH_PATHS = "@executable_path/Frameworks $(inherited)";
				MACOSX_DEPLOYMENT_TARGET = "";
				PRODUCT_NAME = "$(TARGET_NAME)";
				SDKROOT = iphoneos;
				SWIFT_OBJC_BRIDGING_HEADER = "Nonsense Generator/NGSwiftBridge.h";
				TARGETED_DEVICE_FAMILY = "1,2";
				VALIDATE_PRODUCT = YES;
				WRAPPER_EXTENSION = app;
			};
			name = Release;
		};
		5556EFDE18E0B46000B49E98 /* Debug */ = {
			isa = XCBuildConfiguration;
			buildSettings = {
				ALWAYS_SEARCH_USER_PATHS = NO;
				BUNDLE_LOADER = "$(BUILT_PRODUCTS_DIR)/Nonsense Generator.app/Nonsense Generator";
				CLANG_WARN_DIRECT_OBJC_ISA_USAGE = YES_ERROR;
				CLANG_WARN_OBJC_ROOT_CLASS = YES_ERROR;
				FRAMEWORK_SEARCH_PATHS = (
					"$(SDKROOT)/Developer/Library/Frameworks",
					"$(inherited)",
					"$(DEVELOPER_FRAMEWORKS_DIR)",
				);
				GCC_PRECOMPILE_PREFIX_HEADER = YES;
				GCC_PREFIX_HEADER = "Nonsense Generator/Nonsense Generator-Prefix.pch";
				GCC_PREPROCESSOR_DEFINITIONS = "$(inherited)";
				GCC_WARN_ABOUT_RETURN_TYPE = YES_ERROR;
				GCC_WARN_UNINITIALIZED_AUTOS = YES_AGGRESSIVE;
				INFOPLIST_FILE = "Nonsense GeneratorTests/Nonsense GeneratorTests-Info.plist";
				IPHONEOS_DEPLOYMENT_TARGET = 8.1;
				PRODUCT_NAME = "$(TARGET_NAME)";
				SDKROOT = iphoneos;
				TEST_HOST = "$(BUNDLE_LOADER)";
				WRAPPER_EXTENSION = xctest;
			};
			name = Debug;
		};
		5556EFDF18E0B46000B49E98 /* Release */ = {
			isa = XCBuildConfiguration;
			buildSettings = {
				ALWAYS_SEARCH_USER_PATHS = NO;
				BUNDLE_LOADER = "$(BUILT_PRODUCTS_DIR)/Nonsense Generator.app/Nonsense Generator";
				CLANG_WARN_DIRECT_OBJC_ISA_USAGE = YES_ERROR;
				CLANG_WARN_OBJC_ROOT_CLASS = YES_ERROR;
				FRAMEWORK_SEARCH_PATHS = (
					"$(SDKROOT)/Developer/Library/Frameworks",
					"$(inherited)",
					"$(DEVELOPER_FRAMEWORKS_DIR)",
				);
				GCC_PRECOMPILE_PREFIX_HEADER = YES;
				GCC_PREFIX_HEADER = "Nonsense Generator/Nonsense Generator-Prefix.pch";
				GCC_PREPROCESSOR_DEFINITIONS = "$(inherited)";
				GCC_WARN_ABOUT_RETURN_TYPE = YES_ERROR;
				GCC_WARN_UNINITIALIZED_AUTOS = YES_AGGRESSIVE;
				INFOPLIST_FILE = "Nonsense GeneratorTests/Nonsense GeneratorTests-Info.plist";
				IPHONEOS_DEPLOYMENT_TARGET = 8.1;
				PRODUCT_NAME = "$(TARGET_NAME)";
				SDKROOT = iphoneos;
				TEST_HOST = "$(BUNDLE_LOADER)";
				VALIDATE_PRODUCT = YES;
				WRAPPER_EXTENSION = xctest;
			};
			name = Release;
		};
		55882B61121CB53400CB16C6 /* Debug */ = {
			isa = XCBuildConfiguration;
			buildSettings = {
				ALWAYS_SEARCH_USER_PATHS = NO;
				GCC_PRECOMPILE_PREFIX_HEADER = YES;
				GCC_PREFIX_HEADER = NonsenseSaver_Prefix.pch;
				GCC_PREPROCESSOR_DEFINITIONS = "$(inherited)";
				INSTALL_PATH = /usr/local/bin;
				PRODUCT_NAME = NonsenseTester;
			};
			name = Debug;
		};
		55882B62121CB53400CB16C6 /* Release */ = {
			isa = XCBuildConfiguration;
			buildSettings = {
				ALWAYS_SEARCH_USER_PATHS = NO;
				GCC_PRECOMPILE_PREFIX_HEADER = YES;
				GCC_PREFIX_HEADER = NonsenseSaver_Prefix.pch;
				GCC_PREPROCESSOR_DEFINITIONS = "$(inherited)";
				INSTALL_PATH = /usr/local/bin;
				PRODUCT_NAME = NonsenseTester;
			};
			name = Release;
		};
		EF7AD72E08BB986600CE4634 /* Debug */ = {
			isa = XCBuildConfiguration;
			buildSettings = {
				CLANG_ENABLE_MODULES = YES;
				COMBINE_HIDPI_IMAGES = YES;
				EMBEDDED_CONTENT_CONTAINS_SWIFT = YES;
				GCC_PREPROCESSOR_DEFINITIONS = "$(inherited)";
				INFOPLIST_FILE = Info.plist;
				INSTALL_PATH = "$(HOME)/Library/Screen Savers";
				LD_RUNPATH_SEARCH_PATHS = "@executable_path/../Frameworks @loader_path/../Frameworks $(inherited)";
				PRODUCT_NAME = NonsenseSaver;
				SWIFT_OBJC_BRIDGING_HEADER = "NonsenseSaver-Bridging-Header.h";
				SWIFT_OPTIMIZATION_LEVEL = "-Onone";
				WRAPPER_EXTENSION = saver;
			};
			name = Debug;
		};
		EF7AD72F08BB986600CE4634 /* Release */ = {
			isa = XCBuildConfiguration;
			buildSettings = {
				CLANG_ENABLE_MODULES = YES;
				COMBINE_HIDPI_IMAGES = YES;
				EMBEDDED_CONTENT_CONTAINS_SWIFT = YES;
				GCC_PREPROCESSOR_DEFINITIONS = "$(inherited)";
				INFOPLIST_FILE = Info.plist;
				INSTALL_PATH = "$(HOME)/Library/Screen Savers";
				LD_RUNPATH_SEARCH_PATHS = "@executable_path/../Frameworks @loader_path/../Frameworks $(inherited)";
				PRODUCT_NAME = NonsenseSaver;
				SWIFT_OBJC_BRIDGING_HEADER = "NonsenseSaver-Bridging-Header.h";
				WRAPPER_EXTENSION = saver;
			};
			name = Release;
		};
		EF7AD73208BB986600CE4634 /* Debug */ = {
			isa = XCBuildConfiguration;
			buildSettings = {
				CLANG_CXX_LANGUAGE_STANDARD = "gnu++0x";
				CLANG_CXX_LIBRARY = "libc++";
				CLANG_ENABLE_MODULES = YES;
				CLANG_ENABLE_OBJC_ARC = YES;
				CLANG_WARN_BOOL_CONVERSION = YES;
				CLANG_WARN_CONSTANT_CONVERSION = YES;
				CLANG_WARN_DIRECT_OBJC_ISA_USAGE = YES_ERROR;
				CLANG_WARN_EMPTY_BODY = YES;
				CLANG_WARN_ENUM_CONVERSION = YES;
				CLANG_WARN_INT_CONVERSION = YES;
				CLANG_WARN_OBJC_ROOT_CLASS = YES_ERROR;
				CLANG_WARN_UNREACHABLE_CODE = YES;
				CLANG_WARN__DUPLICATE_METHOD_MATCH = YES;
				COPY_PHASE_STRIP = NO;
				DEBUG_INFORMATION_FORMAT = dwarf;
				ENABLE_STRICT_OBJC_MSGSEND = YES;
				GCC_C_LANGUAGE_STANDARD = gnu99;
				GCC_DYNAMIC_NO_PIC = NO;
				GCC_OPTIMIZATION_LEVEL = 0;
				GCC_PREPROCESSOR_DEFINITIONS = (
					"DEBUG=1",
					"$(inherited)",
				);
				GCC_SYMBOLS_PRIVATE_EXTERN = NO;
				GCC_VERSION = com.apple.compilers.llvm.clang.1_0;
				GCC_WARN_64_TO_32_BIT_CONVERSION = YES;
				GCC_WARN_ABOUT_RETURN_TYPE = YES_ERROR;
				GCC_WARN_UNDECLARED_SELECTOR = YES;
				GCC_WARN_UNINITIALIZED_AUTOS = YES_AGGRESSIVE;
				GCC_WARN_UNUSED_FUNCTION = YES;
				GCC_WARN_UNUSED_VARIABLE = YES;
				MACOSX_DEPLOYMENT_TARGET = 10.10;
				ONLY_ACTIVE_ARCH = YES;
				SDKROOT = macosx;
				STRIP_INSTALLED_PRODUCT = NO;
				SWIFT_OPTIMIZATION_LEVEL = "-Onone";
			};
			name = Debug;
		};
		EF7AD73308BB986600CE4634 /* Release */ = {
			isa = XCBuildConfiguration;
			buildSettings = {
				APPLY_RULES_IN_COPY_FILES = YES;
				CLANG_CXX_LANGUAGE_STANDARD = "gnu++0x";
				CLANG_CXX_LIBRARY = "libc++";
				CLANG_ENABLE_MODULES = YES;
				CLANG_ENABLE_OBJC_ARC = YES;
				CLANG_WARN_BOOL_CONVERSION = YES;
				CLANG_WARN_CONSTANT_CONVERSION = YES;
				CLANG_WARN_DIRECT_OBJC_ISA_USAGE = YES_ERROR;
				CLANG_WARN_EMPTY_BODY = YES;
				CLANG_WARN_ENUM_CONVERSION = YES;
				CLANG_WARN_INT_CONVERSION = YES;
				CLANG_WARN_OBJC_ROOT_CLASS = YES_ERROR;
				CLANG_WARN_UNREACHABLE_CODE = YES;
				CLANG_WARN__DUPLICATE_METHOD_MATCH = YES;
				DEBUG_INFORMATION_FORMAT = "dwarf-with-dsym";
				ENABLE_NS_ASSERTIONS = NO;
				ENABLE_STRICT_OBJC_MSGSEND = YES;
				GCC_C_LANGUAGE_STANDARD = gnu99;
				GCC_VERSION = com.apple.compilers.llvm.clang.1_0;
				GCC_WARN_64_TO_32_BIT_CONVERSION = YES;
				GCC_WARN_ABOUT_RETURN_TYPE = YES_ERROR;
				GCC_WARN_UNDECLARED_SELECTOR = YES;
				GCC_WARN_UNINITIALIZED_AUTOS = YES_AGGRESSIVE;
				GCC_WARN_UNUSED_FUNCTION = YES;
				GCC_WARN_UNUSED_VARIABLE = YES;
				MACOSX_DEPLOYMENT_TARGET = 10.10;
				SDKROOT = macosx;
				STRINGS_FILE_OUTPUT_ENCODING = binary;
			};
			name = Release;
		};
/* End XCBuildConfiguration section */

/* Begin XCConfigurationList section */
		553CAF1F123F2F5C008EA480 /* Build configuration list for PBXNativeTarget "NONSVisualTester" */ = {
			isa = XCConfigurationList;
			buildConfigurations = (
				553CAF1D123F2F5C008EA480 /* Debug */,
				553CAF1E123F2F5C008EA480 /* Release */,
			);
			defaultConfigurationIsVisible = 0;
			defaultConfigurationName = Release;
		};
		5556EFDA18E0B46000B49E98 /* Build configuration list for PBXNativeTarget "Nonsense Generator" */ = {
			isa = XCConfigurationList;
			buildConfigurations = (
				5556EFDB18E0B46000B49E98 /* Debug */,
				5556EFDC18E0B46000B49E98 /* Release */,
			);
			defaultConfigurationIsVisible = 0;
			defaultConfigurationName = Release;
		};
		5556EFDD18E0B46000B49E98 /* Build configuration list for PBXNativeTarget "Nonsense GeneratorTests" */ = {
			isa = XCConfigurationList;
			buildConfigurations = (
				5556EFDE18E0B46000B49E98 /* Debug */,
				5556EFDF18E0B46000B49E98 /* Release */,
			);
			defaultConfigurationIsVisible = 0;
			defaultConfigurationName = Release;
		};
		55882B6B121CB54900CB16C6 /* Build configuration list for PBXNativeTarget "NonsenseTester" */ = {
			isa = XCConfigurationList;
			buildConfigurations = (
				55882B61121CB53400CB16C6 /* Debug */,
				55882B62121CB53400CB16C6 /* Release */,
			);
			defaultConfigurationIsVisible = 0;
			defaultConfigurationName = Release;
		};
		EF7AD72D08BB986600CE4634 /* Build configuration list for PBXNativeTarget "NonsenseSaver" */ = {
			isa = XCConfigurationList;
			buildConfigurations = (
				EF7AD72E08BB986600CE4634 /* Debug */,
				EF7AD72F08BB986600CE4634 /* Release */,
			);
			defaultConfigurationIsVisible = 0;
			defaultConfigurationName = Release;
		};
		EF7AD73108BB986600CE4634 /* Build configuration list for PBXProject "NonsenseSaver" */ = {
			isa = XCConfigurationList;
			buildConfigurations = (
				EF7AD73208BB986600CE4634 /* Debug */,
				EF7AD73308BB986600CE4634 /* Release */,
			);
			defaultConfigurationIsVisible = 0;
			defaultConfigurationName = Release;
		};
/* End XCConfigurationList section */
	};
	rootObject = 089C1669FE841209C02AAC07 /* Project object */;
}
