// !$*UTF8*$!
{
	archiveVersion = 1;
	classes = {
	};
	objectVersion = 46;
	objects = {

/* Begin PBXBuildFile section */
		5520BE5B121C6C9E0068419E /* NONSVerb.h in Headers */ = {isa = PBXBuildFile; fileRef = 5520BE59121C6C9E0068419E /* NONSVerb.h */; };
		5520BE5C121C6C9E0068419E /* NONSVerb.m in Sources */ = {isa = PBXBuildFile; fileRef = 5520BE5A121C6C9E0068419E /* NONSVerb.m */; };
		5520BE8F121C76370068419E /* NonsenseSaverController.h in Headers */ = {isa = PBXBuildFile; fileRef = 5520BE8D121C76370068419E /* NonsenseSaverController.h */; };
		5520BE90121C76370068419E /* NonsenseSaverController.m in Sources */ = {isa = PBXBuildFile; fileRef = 5520BE8E121C76370068419E /* NonsenseSaverController.m */; };
		553CAF24123F2F7B008EA480 /* Cocoa.framework in Frameworks */ = {isa = PBXBuildFile; fileRef = 1058C7ADFEA557BF11CA2CBB /* Cocoa.framework */; };
		553CAF25123F2F7B008EA480 /* ScreenSaver.framework in Frameworks */ = {isa = PBXBuildFile; fileRef = 06F27B2DFFEEEFEF11CA0E56 /* ScreenSaver.framework */; };
		553CAF26123F2F88008EA480 /* NONSVerb.m in Sources */ = {isa = PBXBuildFile; fileRef = 5520BE5A121C6C9E0068419E /* NONSVerb.m */; };
		553CAF27123F2F8A008EA480 /* NonsenseSaverController.m in Sources */ = {isa = PBXBuildFile; fileRef = 5520BE8E121C76370068419E /* NonsenseSaverController.m */; };
		553CAF28123F2F8E008EA480 /* NonsenseObject.m in Sources */ = {isa = PBXBuildFile; fileRef = 55561FAB123D959400A73C6A /* NonsenseObject.m */; };
		553CAF2A123F2FA7008EA480 /* MainMenu.xib in Resources */ = {isa = PBXBuildFile; fileRef = 553CAF29123F2FA7008EA480 /* MainMenu.xib */; };
		553CAF32123F30A4008EA480 /* AppController.m in Sources */ = {isa = PBXBuildFile; fileRef = 553CAF31123F30A4008EA480 /* AppController.m */; };
		55561F71123C133300A73C6A /* Foundation.framework in Frameworks */ = {isa = PBXBuildFile; fileRef = 089C1672FE841209C02AAC07 /* Foundation.framework */; };
		55561FAC123D959400A73C6A /* NonsenseObject.h in Headers */ = {isa = PBXBuildFile; fileRef = 55561FAA123D959400A73C6A /* NonsenseObject.h */; };
		55561FAD123D959400A73C6A /* NonsenseObject.m in Sources */ = {isa = PBXBuildFile; fileRef = 55561FAB123D959400A73C6A /* NonsenseObject.m */; };
		555DD394121EF1BE00C8BB4E /* ScreenSaver.framework in Frameworks */ = {isa = PBXBuildFile; fileRef = 06F27B2DFFEEEFEF11CA0E56 /* ScreenSaver.framework */; };
		557D89F31232D18C00A46901 /* NonsenseSaver.saver in CopyFiles */ = {isa = PBXBuildFile; fileRef = 8D255AD30486D3F9007BF209 /* NonsenseSaver.saver */; };
		55882B6D121CB56F00CB16C6 /* NonsenseTesterMain.m in Sources */ = {isa = PBXBuildFile; fileRef = 55882B6C121CB56F00CB16C6 /* NonsenseTesterMain.m */; };
		55882B6E121CB5BA00CB16C6 /* NONSVerb.m in Sources */ = {isa = PBXBuildFile; fileRef = 5520BE5A121C6C9E0068419E /* NONSVerb.m */; };
		55882B6F121CB5BD00CB16C6 /* NonsenseSaverController.m in Sources */ = {isa = PBXBuildFile; fileRef = 5520BE8E121C76370068419E /* NonsenseSaverController.m */; };
		55882BAB121CBB8700CB16C6 /* NonsenseSettings.xib in Resources */ = {isa = PBXBuildFile; fileRef = 55882BAA121CBB8700CB16C6 /* NonsenseSettings.xib */; };
		558C0DDE123FFED60099AABD /* NonsenseView.m in Sources */ = {isa = PBXBuildFile; fileRef = 558C0DDD123FFED60099AABD /* NonsenseView.m */; };
		55A0EA7415B1165000EBF0E8 /* NGSettingsViewController.m in Sources */ = {isa = PBXBuildFile; fileRef = 55A0EA7215B1165000EBF0E8 /* NGSettingsViewController.m */; };
		55A0EA7515B1165000EBF0E8 /* NGSettingsViewController_iphone.xib in Resources */ = {isa = PBXBuildFile; fileRef = 55A0EA7315B1165000EBF0E8 /* NGSettingsViewController_iphone.xib */; };
		55A0EA7715B116BC00EBF0E8 /* NGSettingsViewController_ipad.xib in Resources */ = {isa = PBXBuildFile; fileRef = 55A0EA7615B116BC00EBF0E8 /* NGSettingsViewController_ipad.xib */; };
		55B2818D12416BAA003CEEF4 /* Credits.rtf in Resources */ = {isa = PBXBuildFile; fileRef = 55B2818C12416BAA003CEEF4 /* Credits.rtf */; };
		55C3966115A20FCB005DBC66 /* UIKit.framework in Frameworks */ = {isa = PBXBuildFile; fileRef = 55C3966015A20FCB005DBC66 /* UIKit.framework */; };
		55C3966315A20FCB005DBC66 /* Foundation.framework in Frameworks */ = {isa = PBXBuildFile; fileRef = 55C3966215A20FCB005DBC66 /* Foundation.framework */; };
		55C3966515A20FCB005DBC66 /* CoreGraphics.framework in Frameworks */ = {isa = PBXBuildFile; fileRef = 55C3966415A20FCB005DBC66 /* CoreGraphics.framework */; };
		55C3966B15A20FCB005DBC66 /* InfoPlist.strings in Resources */ = {isa = PBXBuildFile; fileRef = 55C3966915A20FCB005DBC66 /* InfoPlist.strings */; };
		55C3966D15A20FCB005DBC66 /* main.m in Sources */ = {isa = PBXBuildFile; fileRef = 55C3966C15A20FCB005DBC66 /* main.m */; };
		55C3967115A20FCB005DBC66 /* NGAppDelegate.m in Sources */ = {isa = PBXBuildFile; fileRef = 55C3967015A20FCB005DBC66 /* NGAppDelegate.m */; };
		55C3967415A20FCB005DBC66 /* NGViewController.m in Sources */ = {isa = PBXBuildFile; fileRef = 55C3967315A20FCB005DBC66 /* NGViewController.m */; };
		55C3967715A20FCB005DBC66 /* NGViewController_iPhone.xib in Resources */ = {isa = PBXBuildFile; fileRef = 55C3967515A20FCB005DBC66 /* NGViewController_iPhone.xib */; };
		55C3967A15A20FCB005DBC66 /* NGViewController_iPad.xib in Resources */ = {isa = PBXBuildFile; fileRef = 55C3967815A20FCB005DBC66 /* NGViewController_iPad.xib */; };
		55C3967E15A20FED005DBC66 /* NONSVerb.m in Sources */ = {isa = PBXBuildFile; fileRef = 5520BE5A121C6C9E0068419E /* NONSVerb.m */; };
		55C3967F15A21094005DBC66 /* NonsenseSaverController.m in Sources */ = {isa = PBXBuildFile; fileRef = 5520BE8E121C76370068419E /* NonsenseSaverController.m */; };
		55D5441915A23BFD00498F62 /* NonsenseGenerator-ipadx2.png in Resources */ = {isa = PBXBuildFile; fileRef = 55D5441815A23BFD00498F62 /* NonsenseGenerator-ipadx2.png */; };
		55D5441B15A23C2A00498F62 /* NonsenseGenerator-ipad.png in Resources */ = {isa = PBXBuildFile; fileRef = 55D5441A15A23C2A00498F62 /* NonsenseGenerator-ipad.png */; };
		55D5441D15A23C9C00498F62 /* NonsenseGenerator-iphone.png in Resources */ = {isa = PBXBuildFile; fileRef = 55D5441C15A23C9C00498F62 /* NonsenseGenerator-iphone.png */; };
		55D5441F15A23C9E00498F62 /* NonsenseGenerator-iphonex2.png in Resources */ = {isa = PBXBuildFile; fileRef = 55D5441E15A23C9E00498F62 /* NonsenseGenerator-iphonex2.png */; };
		8D255AC70486D3F9007BF209 /* NonsenseSaver_Prefix.pch in Headers */ = {isa = PBXBuildFile; fileRef = 32DBCFA80370C50100C91783 /* NonsenseSaver_Prefix.pch */; };
		8D255AC80486D3F9007BF209 /* NonsenseSaverView.h in Headers */ = {isa = PBXBuildFile; fileRef = F50079790118B23001CA0E54 /* NonsenseSaverView.h */; };
		8D255ACA0486D3F9007BF209 /* InfoPlist.strings in Resources */ = {isa = PBXBuildFile; fileRef = 089C167DFE841241C02AAC07 /* InfoPlist.strings */; };
		8D255ACC0486D3F9007BF209 /* NonsenseSaverView.m in Sources */ = {isa = PBXBuildFile; fileRef = F500797A0118B23001CA0E54 /* NonsenseSaverView.m */; };
		8D255ACE0486D3F9007BF209 /* Cocoa.framework in Frameworks */ = {isa = PBXBuildFile; fileRef = 1058C7ADFEA557BF11CA2CBB /* Cocoa.framework */; };
		8D255ACF0486D3F9007BF209 /* ScreenSaver.framework in Frameworks */ = {isa = PBXBuildFile; fileRef = 06F27B2DFFEEEFEF11CA0E56 /* ScreenSaver.framework */; };
/* End PBXBuildFile section */

/* Begin PBXCopyFilesBuildPhase section */
		557D89F01232D17A00A46901 /* CopyFiles */ = {
			isa = PBXCopyFilesBuildPhase;
			buildActionMask = 8;
			dstPath = "~/Library/Screen Savers";
			dstSubfolderSpec = 0;
			files = (
				557D89F31232D18C00A46901 /* NonsenseSaver.saver in CopyFiles */,
			);
			runOnlyForDeploymentPostprocessing = 1;
		};
/* End PBXCopyFilesBuildPhase section */

/* Begin PBXFileReference section */
		06F27B2DFFEEEFEF11CA0E56 /* ScreenSaver.framework */ = {isa = PBXFileReference; lastKnownFileType = wrapper.framework; name = ScreenSaver.framework; path = /System/Library/Frameworks/ScreenSaver.framework; sourceTree = "<absolute>"; };
		089C1672FE841209C02AAC07 /* Foundation.framework */ = {isa = PBXFileReference; lastKnownFileType = wrapper.framework; name = Foundation.framework; path = /System/Library/Frameworks/Foundation.framework; sourceTree = "<absolute>"; };
		089C167EFE841241C02AAC07 /* English */ = {isa = PBXFileReference; fileEncoding = 10; lastKnownFileType = text.plist.strings; name = English; path = English.lproj/InfoPlist.strings; sourceTree = "<group>"; };
		089C167FFE841241C02AAC07 /* AppKit.framework */ = {isa = PBXFileReference; lastKnownFileType = wrapper.framework; name = AppKit.framework; path = /System/Library/Frameworks/AppKit.framework; sourceTree = "<absolute>"; };
		1058C7ADFEA557BF11CA2CBB /* Cocoa.framework */ = {isa = PBXFileReference; lastKnownFileType = wrapper.framework; name = Cocoa.framework; path = /System/Library/Frameworks/Cocoa.framework; sourceTree = "<absolute>"; };
		32DBCFA80370C50100C91783 /* NonsenseSaver_Prefix.pch */ = {isa = PBXFileReference; fileEncoding = 4; lastKnownFileType = sourcecode.c.h; path = NonsenseSaver_Prefix.pch; sourceTree = "<group>"; };
		5520BE59121C6C9E0068419E /* NONSVerb.h */ = {isa = PBXFileReference; fileEncoding = 4; lastKnownFileType = sourcecode.c.h; path = NONSVerb.h; sourceTree = "<group>"; };
		5520BE5A121C6C9E0068419E /* NONSVerb.m */ = {isa = PBXFileReference; fileEncoding = 4; lastKnownFileType = sourcecode.c.objc; path = NONSVerb.m; sourceTree = "<group>"; };
		5520BE8D121C76370068419E /* NonsenseSaverController.h */ = {isa = PBXFileReference; fileEncoding = 4; lastKnownFileType = sourcecode.c.h; path = NonsenseSaverController.h; sourceTree = "<group>"; };
		5520BE8E121C76370068419E /* NonsenseSaverController.m */ = {isa = PBXFileReference; fileEncoding = 4; lastKnownFileType = sourcecode.c.objc; path = NonsenseSaverController.m; sourceTree = "<group>"; };
		553CAF1A123F2F5B008EA480 /* NONSVisualTester.app */ = {isa = PBXFileReference; explicitFileType = wrapper.application; includeInIndex = 0; path = NONSVisualTester.app; sourceTree = BUILT_PRODUCTS_DIR; };
		553CAF1C123F2F5C008EA480 /* NONSVisualTester-Info.plist */ = {isa = PBXFileReference; lastKnownFileType = text.plist.xml; path = "NONSVisualTester-Info.plist"; sourceTree = "<group>"; };
		553CAF20123F2F6B008EA480 /* Cocoa.framework */ = {isa = PBXFileReference; lastKnownFileType = wrapper.framework; name = Cocoa.framework; path = System/Library/Frameworks/Cocoa.framework; sourceTree = SDKROOT; };
		553CAF29123F2FA7008EA480 /* MainMenu.xib */ = {isa = PBXFileReference; lastKnownFileType = file.xib; path = MainMenu.xib; sourceTree = "<group>"; };
		553CAF30123F30A4008EA480 /* AppController.h */ = {isa = PBXFileReference; fileEncoding = 4; lastKnownFileType = sourcecode.c.h; path = AppController.h; sourceTree = "<group>"; };
		553CAF31123F30A4008EA480 /* AppController.m */ = {isa = PBXFileReference; fileEncoding = 4; lastKnownFileType = sourcecode.c.objc; path = AppController.m; sourceTree = "<group>"; };
		5549DE731350D5CD00745EF3 /* README */ = {isa = PBXFileReference; lastKnownFileType = text; path = README; sourceTree = "<group>"; };
		55561FAA123D959400A73C6A /* NonsenseObject.h */ = {isa = PBXFileReference; fileEncoding = 4; lastKnownFileType = sourcecode.c.h; path = NonsenseObject.h; sourceTree = "<group>"; };
		55561FAB123D959400A73C6A /* NonsenseObject.m */ = {isa = PBXFileReference; fileEncoding = 4; lastKnownFileType = sourcecode.c.objc; path = NonsenseObject.m; sourceTree = "<group>"; };
		55882B5F121CB53400CB16C6 /* NonsenseTester */ = {isa = PBXFileReference; explicitFileType = "compiled.mach-o.executable"; includeInIndex = 0; path = NonsenseTester; sourceTree = BUILT_PRODUCTS_DIR; };
		55882B6C121CB56F00CB16C6 /* NonsenseTesterMain.m */ = {isa = PBXFileReference; fileEncoding = 4; lastKnownFileType = sourcecode.c.objc; path = NonsenseTesterMain.m; sourceTree = "<group>"; };
		55882BAA121CBB8700CB16C6 /* NonsenseSettings.xib */ = {isa = PBXFileReference; lastKnownFileType = file.xib; path = NonsenseSettings.xib; sourceTree = "<group>"; };
		558C0DDC123FFED60099AABD /* NonsenseView.h */ = {isa = PBXFileReference; fileEncoding = 4; lastKnownFileType = sourcecode.c.h; path = NonsenseView.h; sourceTree = "<group>"; };
		558C0DDD123FFED60099AABD /* NonsenseView.m */ = {isa = PBXFileReference; fileEncoding = 4; lastKnownFileType = sourcecode.c.objc; path = NonsenseView.m; sourceTree = "<group>"; };
		55A0EA7115B1165000EBF0E8 /* NGSettingsViewController.h */ = {isa = PBXFileReference; fileEncoding = 4; lastKnownFileType = sourcecode.c.h; path = NGSettingsViewController.h; sourceTree = "<group>"; };
		55A0EA7215B1165000EBF0E8 /* NGSettingsViewController.m */ = {isa = PBXFileReference; fileEncoding = 4; lastKnownFileType = sourcecode.c.objc; path = NGSettingsViewController.m; sourceTree = "<group>"; };
		55A0EA7315B1165000EBF0E8 /* NGSettingsViewController_iphone.xib */ = {isa = PBXFileReference; fileEncoding = 4; lastKnownFileType = file.xib; path = NGSettingsViewController_iphone.xib; sourceTree = "<group>"; };
		55A0EA7615B116BC00EBF0E8 /* NGSettingsViewController_ipad.xib */ = {isa = PBXFileReference; fileEncoding = 4; lastKnownFileType = file.xib; path = NGSettingsViewController_ipad.xib; sourceTree = "<group>"; };
		55B2818C12416BAA003CEEF4 /* Credits.rtf */ = {isa = PBXFileReference; lastKnownFileType = text.rtf; path = Credits.rtf; sourceTree = "<group>"; };
		55C3965D15A20FCB005DBC66 /* Nonsense Generator.app */ = {isa = PBXFileReference; explicitFileType = wrapper.application; includeInIndex = 0; path = "Nonsense Generator.app"; sourceTree = BUILT_PRODUCTS_DIR; };
		55C3966015A20FCB005DBC66 /* UIKit.framework */ = {isa = PBXFileReference; lastKnownFileType = wrapper.framework; name = UIKit.framework; path = Library/Frameworks/UIKit.framework; sourceTree = DEVELOPER_DIR; };
		55C3966215A20FCB005DBC66 /* Foundation.framework */ = {isa = PBXFileReference; lastKnownFileType = wrapper.framework; name = Foundation.framework; path = Library/Frameworks/Foundation.framework; sourceTree = DEVELOPER_DIR; };
		55C3966415A20FCB005DBC66 /* CoreGraphics.framework */ = {isa = PBXFileReference; lastKnownFileType = wrapper.framework; name = CoreGraphics.framework; path = Library/Frameworks/CoreGraphics.framework; sourceTree = DEVELOPER_DIR; };
		55C3966815A20FCB005DBC66 /* Nonsense Generator-Info.plist */ = {isa = PBXFileReference; lastKnownFileType = text.plist.xml; path = "Nonsense Generator-Info.plist"; sourceTree = "<group>"; };
		55C3966A15A20FCB005DBC66 /* en */ = {isa = PBXFileReference; lastKnownFileType = text.plist.strings; name = en; path = en.lproj/InfoPlist.strings; sourceTree = "<group>"; };
		55C3966C15A20FCB005DBC66 /* main.m */ = {isa = PBXFileReference; lastKnownFileType = sourcecode.c.objc; path = main.m; sourceTree = "<group>"; };
		55C3966E15A20FCB005DBC66 /* Nonsense Generator-Prefix.pch */ = {isa = PBXFileReference; lastKnownFileType = sourcecode.c.h; path = "Nonsense Generator-Prefix.pch"; sourceTree = "<group>"; };
		55C3966F15A20FCB005DBC66 /* NGAppDelegate.h */ = {isa = PBXFileReference; lastKnownFileType = sourcecode.c.h; path = NGAppDelegate.h; sourceTree = "<group>"; };
		55C3967015A20FCB005DBC66 /* NGAppDelegate.m */ = {isa = PBXFileReference; lastKnownFileType = sourcecode.c.objc; path = NGAppDelegate.m; sourceTree = "<group>"; };
		55C3967215A20FCB005DBC66 /* NGViewController.h */ = {isa = PBXFileReference; lastKnownFileType = sourcecode.c.h; path = NGViewController.h; sourceTree = "<group>"; };
		55C3967315A20FCB005DBC66 /* NGViewController.m */ = {isa = PBXFileReference; lastKnownFileType = sourcecode.c.objc; path = NGViewController.m; sourceTree = "<group>"; };
		55C3967615A20FCB005DBC66 /* en */ = {isa = PBXFileReference; lastKnownFileType = file.xib; name = en; path = en.lproj/NGViewController_iPhone.xib; sourceTree = "<group>"; };
		55C3967915A20FCB005DBC66 /* en */ = {isa = PBXFileReference; lastKnownFileType = file.xib; name = en; path = en.lproj/NGViewController_iPad.xib; sourceTree = "<group>"; };
		55D5441815A23BFD00498F62 /* NonsenseGenerator-ipadx2.png */ = {isa = PBXFileReference; lastKnownFileType = image.png; name = "NonsenseGenerator-ipadx2.png"; path = "../NonsenseGenerator-ipadx2.png"; sourceTree = "<group>"; };
		55D5441A15A23C2A00498F62 /* NonsenseGenerator-ipad.png */ = {isa = PBXFileReference; lastKnownFileType = image.png; name = "NonsenseGenerator-ipad.png"; path = "../NonsenseGenerator-ipad.png"; sourceTree = "<group>"; };
		55D5441C15A23C9C00498F62 /* NonsenseGenerator-iphone.png */ = {isa = PBXFileReference; lastKnownFileType = image.png; name = "NonsenseGenerator-iphone.png"; path = "../NonsenseGenerator-iphone.png"; sourceTree = "<group>"; };
		55D5441E15A23C9E00498F62 /* NonsenseGenerator-iphonex2.png */ = {isa = PBXFileReference; lastKnownFileType = image.png; name = "NonsenseGenerator-iphonex2.png"; path = "../NonsenseGenerator-iphonex2.png"; sourceTree = "<group>"; };
		8D255AD20486D3F9007BF209 /* Info.plist */ = {isa = PBXFileReference; fileEncoding = 4; lastKnownFileType = text.plist; path = Info.plist; sourceTree = "<group>"; };
		8D255AD30486D3F9007BF209 /* NonsenseSaver.saver */ = {isa = PBXFileReference; explicitFileType = wrapper.cfbundle; includeInIndex = 0; path = NonsenseSaver.saver; sourceTree = BUILT_PRODUCTS_DIR; };
		F50079790118B23001CA0E54 /* NonsenseSaverView.h */ = {isa = PBXFileReference; fileEncoding = 4; lastKnownFileType = sourcecode.c.h; path = NonsenseSaverView.h; sourceTree = "<group>"; };
		F500797A0118B23001CA0E54 /* NonsenseSaverView.m */ = {isa = PBXFileReference; fileEncoding = 4; lastKnownFileType = sourcecode.c.objc; path = NonsenseSaverView.m; sourceTree = "<group>"; };
/* End PBXFileReference section */

/* Begin PBXFrameworksBuildPhase section */
		553CAF18123F2F5B008EA480 /* Frameworks */ = {
			isa = PBXFrameworksBuildPhase;
			buildActionMask = 2147483647;
			files = (
				553CAF24123F2F7B008EA480 /* Cocoa.framework in Frameworks */,
				553CAF25123F2F7B008EA480 /* ScreenSaver.framework in Frameworks */,
			);
			runOnlyForDeploymentPostprocessing = 0;
		};
		55882B5D121CB53400CB16C6 /* Frameworks */ = {
			isa = PBXFrameworksBuildPhase;
			buildActionMask = 2147483647;
			files = (
				555DD394121EF1BE00C8BB4E /* ScreenSaver.framework in Frameworks */,
				55561F71123C133300A73C6A /* Foundation.framework in Frameworks */,
			);
			runOnlyForDeploymentPostprocessing = 0;
		};
		55C3965A15A20FCB005DBC66 /* Frameworks */ = {
			isa = PBXFrameworksBuildPhase;
			buildActionMask = 2147483647;
			files = (
				55C3966115A20FCB005DBC66 /* UIKit.framework in Frameworks */,
				55C3966315A20FCB005DBC66 /* Foundation.framework in Frameworks */,
				55C3966515A20FCB005DBC66 /* CoreGraphics.framework in Frameworks */,
			);
			runOnlyForDeploymentPostprocessing = 0;
		};
		8D255ACD0486D3F9007BF209 /* Frameworks */ = {
			isa = PBXFrameworksBuildPhase;
			buildActionMask = 2147483647;
			files = (
				8D255ACE0486D3F9007BF209 /* Cocoa.framework in Frameworks */,
				8D255ACF0486D3F9007BF209 /* ScreenSaver.framework in Frameworks */,
			);
			runOnlyForDeploymentPostprocessing = 0;
		};
/* End PBXFrameworksBuildPhase section */

/* Begin PBXGroup section */
		089C166AFE841209C02AAC07 /* NonsenseSaver */ = {
			isa = PBXGroup;
			children = (
				08FB77AFFE84173DC02AAC07 /* Classes */,
				32DBCFA70370C4F300C91783 /* Other Sources */,
				089C167CFE841241C02AAC07 /* Resources */,
				089C1671FE841209C02AAC07 /* Frameworks and Libraries */,
				55C3966615A20FCB005DBC66 /* Nonsense Generator */,
				55C3965F15A20FCB005DBC66 /* Frameworks */,
				19C28FB8FE9D52D311CA2CBB /* Products */,
			);
			name = NonsenseSaver;
			sourceTree = "<group>";
		};
		089C1671FE841209C02AAC07 /* Frameworks and Libraries */ = {
			isa = PBXGroup;
			children = (
				1058C7ACFEA557BF11CA2CBB /* Linked Frameworks */,
				1058C7AEFEA557BF11CA2CBB /* Other Frameworks */,
			);
			name = "Frameworks and Libraries";
			sourceTree = "<group>";
		};
		089C167CFE841241C02AAC07 /* Resources */ = {
			isa = PBXGroup;
			children = (
				5549DE731350D5CD00745EF3 /* README */,
				55882BAA121CBB8700CB16C6 /* NonsenseSettings.xib */,
				553CAF1C123F2F5C008EA480 /* NONSVisualTester-Info.plist */,
				8D255AD20486D3F9007BF209 /* Info.plist */,
				089C167DFE841241C02AAC07 /* InfoPlist.strings */,
				553CAF29123F2FA7008EA480 /* MainMenu.xib */,
				55B2818C12416BAA003CEEF4 /* Credits.rtf */,
			);
			name = Resources;
			sourceTree = "<group>";
		};
		08FB77AFFE84173DC02AAC07 /* Classes */ = {
			isa = PBXGroup;
			children = (
				F50079790118B23001CA0E54 /* NonsenseSaverView.h */,
				F500797A0118B23001CA0E54 /* NonsenseSaverView.m */,
				5520BE59121C6C9E0068419E /* NONSVerb.h */,
				5520BE5A121C6C9E0068419E /* NONSVerb.m */,
				5520BE8D121C76370068419E /* NonsenseSaverController.h */,
				5520BE8E121C76370068419E /* NonsenseSaverController.m */,
				55561FAA123D959400A73C6A /* NonsenseObject.h */,
				55561FAB123D959400A73C6A /* NonsenseObject.m */,
				553CAF2F123F2FF3008EA480 /* Testing Classes */,
			);
			name = Classes;
			sourceTree = "<group>";
		};
		1058C7ACFEA557BF11CA2CBB /* Linked Frameworks */ = {
			isa = PBXGroup;
			children = (
				1058C7ADFEA557BF11CA2CBB /* Cocoa.framework */,
				06F27B2DFFEEEFEF11CA0E56 /* ScreenSaver.framework */,
			);
			name = "Linked Frameworks";
			sourceTree = "<group>";
		};
		1058C7AEFEA557BF11CA2CBB /* Other Frameworks */ = {
			isa = PBXGroup;
			children = (
				553CAF20123F2F6B008EA480 /* Cocoa.framework */,
				089C1672FE841209C02AAC07 /* Foundation.framework */,
				089C167FFE841241C02AAC07 /* AppKit.framework */,
			);
			name = "Other Frameworks";
			sourceTree = "<group>";
		};
		19C28FB8FE9D52D311CA2CBB /* Products */ = {
			isa = PBXGroup;
			children = (
				8D255AD30486D3F9007BF209 /* NonsenseSaver.saver */,
				55882B5F121CB53400CB16C6 /* NonsenseTester */,
				553CAF1A123F2F5B008EA480 /* NONSVisualTester.app */,
				55C3965D15A20FCB005DBC66 /* Nonsense Generator.app */,
			);
			name = Products;
			sourceTree = "<group>";
		};
		32DBCFA70370C4F300C91783 /* Other Sources */ = {
			isa = PBXGroup;
			children = (
				55882B6C121CB56F00CB16C6 /* NonsenseTesterMain.m */,
				32DBCFA80370C50100C91783 /* NonsenseSaver_Prefix.pch */,
			);
			name = "Other Sources";
			sourceTree = "<group>";
		};
		553CAF2F123F2FF3008EA480 /* Testing Classes */ = {
			isa = PBXGroup;
			children = (
				553CAF30123F30A4008EA480 /* AppController.h */,
				553CAF31123F30A4008EA480 /* AppController.m */,
				558C0DDC123FFED60099AABD /* NonsenseView.h */,
				558C0DDD123FFED60099AABD /* NonsenseView.m */,
			);
			name = "Testing Classes";
			sourceTree = "<group>";
		};
		55C3965F15A20FCB005DBC66 /* Frameworks */ = {
			isa = PBXGroup;
			children = (
				55C3966015A20FCB005DBC66 /* UIKit.framework */,
				55C3966215A20FCB005DBC66 /* Foundation.framework */,
				55C3966415A20FCB005DBC66 /* CoreGraphics.framework */,
			);
			name = Frameworks;
			sourceTree = "<group>";
		};
		55C3966615A20FCB005DBC66 /* Nonsense Generator */ = {
			isa = PBXGroup;
			children = (
				55C3966F15A20FCB005DBC66 /* NGAppDelegate.h */,
				55C3967015A20FCB005DBC66 /* NGAppDelegate.m */,
				55C3967215A20FCB005DBC66 /* NGViewController.h */,
				55C3967315A20FCB005DBC66 /* NGViewController.m */,
				55C3967515A20FCB005DBC66 /* NGViewController_iPhone.xib */,
				55C3967815A20FCB005DBC66 /* NGViewController_iPad.xib */,
				55A0EA7115B1165000EBF0E8 /* NGSettingsViewController.h */,
				55A0EA7215B1165000EBF0E8 /* NGSettingsViewController.m */,
				55A0EA7315B1165000EBF0E8 /* NGSettingsViewController_iphone.xib */,
				55A0EA7615B116BC00EBF0E8 /* NGSettingsViewController_ipad.xib */,
				55C3966715A20FCB005DBC66 /* Supporting Files */,
			);
			path = "Nonsense Generator";
			sourceTree = "<group>";
		};
		55C3966715A20FCB005DBC66 /* Supporting Files */ = {
			isa = PBXGroup;
			children = (
				55D5441E15A23C9E00498F62 /* NonsenseGenerator-iphonex2.png */,
				55D5441C15A23C9C00498F62 /* NonsenseGenerator-iphone.png */,
				55D5441A15A23C2A00498F62 /* NonsenseGenerator-ipad.png */,
				55D5441815A23BFD00498F62 /* NonsenseGenerator-ipadx2.png */,
				55C3966815A20FCB005DBC66 /* Nonsense Generator-Info.plist */,
				55C3966915A20FCB005DBC66 /* InfoPlist.strings */,
				55C3966C15A20FCB005DBC66 /* main.m */,
				55C3966E15A20FCB005DBC66 /* Nonsense Generator-Prefix.pch */,
			);
			name = "Supporting Files";
			sourceTree = "<group>";
		};
/* End PBXGroup section */

/* Begin PBXHeadersBuildPhase section */
		8D255AC60486D3F9007BF209 /* Headers */ = {
			isa = PBXHeadersBuildPhase;
			buildActionMask = 2147483647;
			files = (
				8D255AC70486D3F9007BF209 /* NonsenseSaver_Prefix.pch in Headers */,
				8D255AC80486D3F9007BF209 /* NonsenseSaverView.h in Headers */,
				5520BE5B121C6C9E0068419E /* NONSVerb.h in Headers */,
				5520BE8F121C76370068419E /* NonsenseSaverController.h in Headers */,
				55561FAC123D959400A73C6A /* NonsenseObject.h in Headers */,
			);
			runOnlyForDeploymentPostprocessing = 0;
		};
/* End PBXHeadersBuildPhase section */

/* Begin PBXNativeTarget section */
		553CAF19123F2F5B008EA480 /* NONSVisualTester */ = {
			isa = PBXNativeTarget;
			buildConfigurationList = 553CAF1F123F2F5C008EA480 /* Build configuration list for PBXNativeTarget "NONSVisualTester" */;
			buildPhases = (
				553CAF16123F2F5B008EA480 /* Resources */,
				553CAF17123F2F5B008EA480 /* Sources */,
				553CAF18123F2F5B008EA480 /* Frameworks */,
			);
			buildRules = (
			);
			dependencies = (
			);
			name = NONSVisualTester;
			productName = NONSVisualTester;
			productReference = 553CAF1A123F2F5B008EA480 /* NONSVisualTester.app */;
			productType = "com.apple.product-type.application";
		};
		55882B5E121CB53400CB16C6 /* NonsenseTester */ = {
			isa = PBXNativeTarget;
			buildConfigurationList = 55882B6B121CB54900CB16C6 /* Build configuration list for PBXNativeTarget "NonsenseTester" */;
			buildPhases = (
				55882B5C121CB53400CB16C6 /* Sources */,
				55882B5D121CB53400CB16C6 /* Frameworks */,
			);
			buildRules = (
			);
			dependencies = (
			);
			name = NonsenseTester;
			productName = NonsenseTester;
			productReference = 55882B5F121CB53400CB16C6 /* NonsenseTester */;
			productType = "com.apple.product-type.tool";
		};
		55C3965C15A20FCB005DBC66 /* Nonsense Generator */ = {
			isa = PBXNativeTarget;
			buildConfigurationList = 55C3967D15A20FCB005DBC66 /* Build configuration list for PBXNativeTarget "Nonsense Generator" */;
			buildPhases = (
				55C3965915A20FCB005DBC66 /* Sources */,
				55C3965A15A20FCB005DBC66 /* Frameworks */,
				55C3965B15A20FCB005DBC66 /* Resources */,
			);
			buildRules = (
			);
			dependencies = (
			);
			name = "Nonsense Generator";
			productName = "Nonsense Generator";
			productReference = 55C3965D15A20FCB005DBC66 /* Nonsense Generator.app */;
			productType = "com.apple.product-type.application";
		};
		8D255AC50486D3F9007BF209 /* NonsenseSaver */ = {
			isa = PBXNativeTarget;
			buildConfigurationList = EF7AD72D08BB986600CE4634 /* Build configuration list for PBXNativeTarget "NonsenseSaver" */;
			buildPhases = (
				8D255AC60486D3F9007BF209 /* Headers */,
				8D255AC90486D3F9007BF209 /* Resources */,
				8D255ACB0486D3F9007BF209 /* Sources */,
				8D255ACD0486D3F9007BF209 /* Frameworks */,
				557D89F01232D17A00A46901 /* CopyFiles */,
			);
			buildRules = (
			);
			dependencies = (
			);
			name = NonsenseSaver;
			productInstallPath = "$(HOME)/Library/Screen Savers";
			productName = NonsenseSaver;
			productReference = 8D255AD30486D3F9007BF209 /* NonsenseSaver.saver */;
			productType = "com.apple.product-type.bundle";
		};
/* End PBXNativeTarget section */

/* Begin PBXProject section */
		089C1669FE841209C02AAC07 /* Project object */ = {
			isa = PBXProject;
			attributes = {
				LastUpgradeCheck = 0430;
			};
			buildConfigurationList = EF7AD73108BB986600CE4634 /* Build configuration list for PBXProject "NonsenseSaver" */;
			compatibilityVersion = "Xcode 3.2";
			developmentRegion = English;
			hasScannedForEncodings = 1;
			knownRegions = (
				English,
				Japanese,
				French,
				German,
				en,
			);
			mainGroup = 089C166AFE841209C02AAC07 /* NonsenseSaver */;
			projectDirPath = "";
			projectRoot = "";
			targets = (
				8D255AC50486D3F9007BF209 /* NonsenseSaver */,
				55882B5E121CB53400CB16C6 /* NonsenseTester */,
				553CAF19123F2F5B008EA480 /* NONSVisualTester */,
				55C3965C15A20FCB005DBC66 /* Nonsense Generator */,
			);
		};
/* End PBXProject section */

/* Begin PBXResourcesBuildPhase section */
		553CAF16123F2F5B008EA480 /* Resources */ = {
			isa = PBXResourcesBuildPhase;
			buildActionMask = 2147483647;
			files = (
				553CAF2A123F2FA7008EA480 /* MainMenu.xib in Resources */,
			);
			runOnlyForDeploymentPostprocessing = 0;
		};
		55C3965B15A20FCB005DBC66 /* Resources */ = {
			isa = PBXResourcesBuildPhase;
			buildActionMask = 2147483647;
			files = (
				55C3966B15A20FCB005DBC66 /* InfoPlist.strings in Resources */,
				55C3967715A20FCB005DBC66 /* NGViewController_iPhone.xib in Resources */,
				55C3967A15A20FCB005DBC66 /* NGViewController_iPad.xib in Resources */,
				55D5441915A23BFD00498F62 /* NonsenseGenerator-ipadx2.png in Resources */,
				55D5441B15A23C2A00498F62 /* NonsenseGenerator-ipad.png in Resources */,
				55D5441D15A23C9C00498F62 /* NonsenseGenerator-iphone.png in Resources */,
				55D5441F15A23C9E00498F62 /* NonsenseGenerator-iphonex2.png in Resources */,
				55A0EA7515B1165000EBF0E8 /* NGSettingsViewController_iphone.xib in Resources */,
				55A0EA7715B116BC00EBF0E8 /* NGSettingsViewController_ipad.xib in Resources */,
			);
			runOnlyForDeploymentPostprocessing = 0;
		};
		8D255AC90486D3F9007BF209 /* Resources */ = {
			isa = PBXResourcesBuildPhase;
			buildActionMask = 2147483647;
			files = (
				8D255ACA0486D3F9007BF209 /* InfoPlist.strings in Resources */,
				55882BAB121CBB8700CB16C6 /* NonsenseSettings.xib in Resources */,
				55B2818D12416BAA003CEEF4 /* Credits.rtf in Resources */,
			);
			runOnlyForDeploymentPostprocessing = 0;
		};
/* End PBXResourcesBuildPhase section */

/* Begin PBXSourcesBuildPhase section */
		553CAF17123F2F5B008EA480 /* Sources */ = {
			isa = PBXSourcesBuildPhase;
			buildActionMask = 2147483647;
			files = (
				553CAF26123F2F88008EA480 /* NONSVerb.m in Sources */,
				553CAF27123F2F8A008EA480 /* NonsenseSaverController.m in Sources */,
				553CAF28123F2F8E008EA480 /* NonsenseObject.m in Sources */,
				553CAF32123F30A4008EA480 /* AppController.m in Sources */,
				558C0DDE123FFED60099AABD /* NonsenseView.m in Sources */,
			);
			runOnlyForDeploymentPostprocessing = 0;
		};
		55882B5C121CB53400CB16C6 /* Sources */ = {
			isa = PBXSourcesBuildPhase;
			buildActionMask = 2147483647;
			files = (
				55882B6D121CB56F00CB16C6 /* NonsenseTesterMain.m in Sources */,
				55882B6E121CB5BA00CB16C6 /* NONSVerb.m in Sources */,
				55882B6F121CB5BD00CB16C6 /* NonsenseSaverController.m in Sources */,
			);
			runOnlyForDeploymentPostprocessing = 0;
		};
		55C3965915A20FCB005DBC66 /* Sources */ = {
			isa = PBXSourcesBuildPhase;
			buildActionMask = 2147483647;
			files = (
				55C3966D15A20FCB005DBC66 /* main.m in Sources */,
				55C3967115A20FCB005DBC66 /* NGAppDelegate.m in Sources */,
				55C3967415A20FCB005DBC66 /* NGViewController.m in Sources */,
				55C3967E15A20FED005DBC66 /* NONSVerb.m in Sources */,
				55C3967F15A21094005DBC66 /* NonsenseSaverController.m in Sources */,
				55A0EA7415B1165000EBF0E8 /* NGSettingsViewController.m in Sources */,
			);
			runOnlyForDeploymentPostprocessing = 0;
		};
		8D255ACB0486D3F9007BF209 /* Sources */ = {
			isa = PBXSourcesBuildPhase;
			buildActionMask = 2147483647;
			files = (
				8D255ACC0486D3F9007BF209 /* NonsenseSaverView.m in Sources */,
				5520BE5C121C6C9E0068419E /* NONSVerb.m in Sources */,
				5520BE90121C76370068419E /* NonsenseSaverController.m in Sources */,
				55561FAD123D959400A73C6A /* NonsenseObject.m in Sources */,
			);
			runOnlyForDeploymentPostprocessing = 0;
		};
/* End PBXSourcesBuildPhase section */

/* Begin PBXVariantGroup section */
		089C167DFE841241C02AAC07 /* InfoPlist.strings */ = {
			isa = PBXVariantGroup;
			children = (
				089C167EFE841241C02AAC07 /* English */,
			);
			name = InfoPlist.strings;
			sourceTree = "<group>";
		};
		55C3966915A20FCB005DBC66 /* InfoPlist.strings */ = {
			isa = PBXVariantGroup;
			children = (
				55C3966A15A20FCB005DBC66 /* en */,
			);
			name = InfoPlist.strings;
			sourceTree = "<group>";
		};
		55C3967515A20FCB005DBC66 /* NGViewController_iPhone.xib */ = {
			isa = PBXVariantGroup;
			children = (
				55C3967615A20FCB005DBC66 /* en */,
			);
			name = NGViewController_iPhone.xib;
			sourceTree = "<group>";
		};
		55C3967815A20FCB005DBC66 /* NGViewController_iPad.xib */ = {
			isa = PBXVariantGroup;
			children = (
				55C3967915A20FCB005DBC66 /* en */,
			);
			name = NGViewController_iPad.xib;
			sourceTree = "<group>";
		};
/* End PBXVariantGroup section */

/* Begin XCBuildConfiguration section */
		553CAF1D123F2F5C008EA480 /* Debug */ = {
			isa = XCBuildConfiguration;
			buildSettings = {
				ALWAYS_SEARCH_USER_PATHS = NO;
				COPY_PHASE_STRIP = NO;
				GCC_DYNAMIC_NO_PIC = NO;
				GCC_MODEL_TUNING = G5;
				GCC_OPTIMIZATION_LEVEL = 0;
				GCC_PRECOMPILE_PREFIX_HEADER = YES;
				GCC_PREFIX_HEADER = NonsenseSaver_Prefix.pch;
				INFOPLIST_FILE = "NONSVisualTester-Info.plist";
				INSTALL_PATH = "$(HOME)/Applications";
				ONLY_ACTIVE_ARCH = YES;
				PRODUCT_NAME = NONSVisualTester;
			};
			name = Debug;
		};
		553CAF1E123F2F5C008EA480 /* Release */ = {
			isa = XCBuildConfiguration;
			buildSettings = {
				ALWAYS_SEARCH_USER_PATHS = NO;
				COPY_PHASE_STRIP = YES;
				DEBUG_INFORMATION_FORMAT = "dwarf-with-dsym";
				GCC_MODEL_TUNING = G5;
				GCC_PRECOMPILE_PREFIX_HEADER = YES;
				GCC_PREFIX_HEADER = NonsenseSaver_Prefix.pch;
				INFOPLIST_FILE = "NONSVisualTester-Info.plist";
				INSTALL_PATH = "$(HOME)/Applications";
				PRODUCT_NAME = NONSVisualTester;
				ZERO_LINK = NO;
			};
			name = Release;
		};
		55882B61121CB53400CB16C6 /* Debug */ = {
			isa = XCBuildConfiguration;
			buildSettings = {
				ALWAYS_SEARCH_USER_PATHS = NO;
				COPY_PHASE_STRIP = NO;
				GCC_DEBUGGING_SYMBOLS = full;
				GCC_DYNAMIC_NO_PIC = NO;
				GCC_MODEL_TUNING = G5;
				GCC_OPTIMIZATION_LEVEL = 0;
				GCC_PRECOMPILE_PREFIX_HEADER = YES;
				GCC_PREFIX_HEADER = NonsenseSaver_Prefix.pch;
				INSTALL_PATH = /usr/local/bin;
				ONLY_ACTIVE_ARCH = YES;
				PRODUCT_NAME = NonsenseTester;
			};
			name = Debug;
		};
		55882B62121CB53400CB16C6 /* Release */ = {
			isa = XCBuildConfiguration;
			buildSettings = {
				ALWAYS_SEARCH_USER_PATHS = NO;
				COPY_PHASE_STRIP = YES;
				DEBUG_INFORMATION_FORMAT = "dwarf-with-dsym";
				GCC_MODEL_TUNING = G5;
				GCC_PRECOMPILE_PREFIX_HEADER = YES;
				GCC_PREFIX_HEADER = NonsenseSaver_Prefix.pch;
				INSTALL_PATH = /usr/local/bin;
				PRODUCT_NAME = NonsenseTester;
				ZERO_LINK = NO;
			};
			name = Release;
		};
		55C3967B15A20FCB005DBC66 /* Debug */ = {
			isa = XCBuildConfiguration;
			buildSettings = {
				ALWAYS_SEARCH_USER_PATHS = NO;
				ARCHS = "$(ARCHS_STANDARD_32_BIT)";
				"CODE_SIGN_IDENTITY[sdk=iphoneos*]" = "iPhone Developer";
				COPY_PHASE_STRIP = NO;
				FRAMEWORK_SEARCH_PATHS = (
					"$(inherited)",
					"\"$(SYSTEM_APPS_DIR)/Xcode.app/Contents/Developer/Library/Frameworks\"",
				);
				GCC_DYNAMIC_NO_PIC = NO;
				GCC_PRECOMPILE_PREFIX_HEADER = YES;
				GCC_PREFIX_HEADER = "Nonsense Generator/Nonsense Generator-Prefix.pch";
				GCC_PREPROCESSOR_DEFINITIONS = (
					"DEBUG=1",
					"$(inherited)",
				);
				GCC_SYMBOLS_PRIVATE_EXTERN = NO;
				GCC_WARN_UNINITIALIZED_AUTOS = YES;
				HEADER_SEARCH_PATHS = "\"${SRCROOT}\"/Classes";
				INFOPLIST_FILE = "Nonsense Generator/Nonsense Generator-Info.plist";
				IPHONEOS_DEPLOYMENT_TARGET = 4.3;
				MACOSX_DEPLOYMENT_TARGET = "";
				PRODUCT_NAME = "$(TARGET_NAME)";
				SDKROOT = iphoneos;
				TARGETED_DEVICE_FAMILY = "1,2";
				WRAPPER_EXTENSION = app;
			};
			name = Debug;
		};
		55C3967C15A20FCB005DBC66 /* Release */ = {
			isa = XCBuildConfiguration;
			buildSettings = {
				ALWAYS_SEARCH_USER_PATHS = NO;
				ARCHS = "$(ARCHS_STANDARD_32_BIT)";
				"CODE_SIGN_IDENTITY[sdk=iphoneos*]" = "iPhone Developer";
				COPY_PHASE_STRIP = YES;
				FRAMEWORK_SEARCH_PATHS = (
					"$(inherited)",
					"\"$(SYSTEM_APPS_DIR)/Xcode.app/Contents/Developer/Library/Frameworks\"",
				);
				GCC_PRECOMPILE_PREFIX_HEADER = YES;
				GCC_PREFIX_HEADER = "Nonsense Generator/Nonsense Generator-Prefix.pch";
				GCC_WARN_UNINITIALIZED_AUTOS = YES;
				HEADER_SEARCH_PATHS = "\"${SRCROOT}\"/Classes";
				INFOPLIST_FILE = "Nonsense Generator/Nonsense Generator-Info.plist";
				IPHONEOS_DEPLOYMENT_TARGET = 4.3;
				MACOSX_DEPLOYMENT_TARGET = "";
				OTHER_CFLAGS = "-DNS_BLOCK_ASSERTIONS=1";
				PRODUCT_NAME = "$(TARGET_NAME)";
				SDKROOT = iphoneos;
				TARGETED_DEVICE_FAMILY = "1,2";
				VALIDATE_PRODUCT = YES;
				WRAPPER_EXTENSION = app;
			};
			name = Release;
		};
		EF7AD72E08BB986600CE4634 /* Debug */ = {
			isa = XCBuildConfiguration;
			buildSettings = {
				ARCHS = (
					x86_64,
					ppc,
					i386,
				);
				COPY_PHASE_STRIP = NO;
				GCC_DYNAMIC_NO_PIC = NO;
				GCC_MODEL_TUNING = G5;
				GCC_OPTIMIZATION_LEVEL = 0;
				GCC_PRECOMPILE_PREFIX_HEADER = YES;
				GCC_PREFIX_HEADER = NonsenseSaver_Prefix.pch;
				INFOPLIST_FILE = Info.plist;
				INSTALL_PATH = "$(HOME)/Library/Screen Savers";
				PRODUCT_NAME = NonsenseSaver;
				WRAPPER_EXTENSION = saver;
				ZERO_LINK = YES;
			};
			name = Debug;
		};
		EF7AD72F08BB986600CE4634 /* Release */ = {
			isa = XCBuildConfiguration;
			buildSettings = {
				ARCHS = (
					x86_64,
					ppc,
					i386,
				);
				DEBUG_INFORMATION_FORMAT = "dwarf-with-dsym";
				GCC_MODEL_TUNING = G5;
				GCC_PRECOMPILE_PREFIX_HEADER = YES;
				GCC_PREFIX_HEADER = NonsenseSaver_Prefix.pch;
				INFOPLIST_FILE = Info.plist;
				INSTALL_PATH = "$(HOME)/Library/Screen Savers";
				PRODUCT_NAME = NonsenseSaver;
				WRAPPER_EXTENSION = saver;
			};
			name = Release;
		};
		EF7AD73208BB986600CE4634 /* Debug */ = {
			isa = XCBuildConfiguration;
			buildSettings = {
				ARCHS = "$(ARCHS_STANDARD_32_64_BIT)";
				GCC_C_LANGUAGE_STANDARD = gnu99;
				GCC_ENABLE_OBJC_GC = supported;
				GCC_OPTIMIZATION_LEVEL = 0;
				GCC_VERSION = 4.2;
				GCC_WARN_ABOUT_RETURN_TYPE = YES;
				GCC_WARN_UNUSED_VARIABLE = YES;
				MACOSX_DEPLOYMENT_TARGET = 10.5;
				ONLY_ACTIVE_ARCH = NO;
				SDKROOT = macosx;
			};
			name = Debug;
		};
		EF7AD73308BB986600CE4634 /* Release */ = {
			isa = XCBuildConfiguration;
			buildSettings = {
				ARCHS = "$(ARCHS_STANDARD_32_64_BIT)";
				GCC_C_LANGUAGE_STANDARD = gnu99;
				GCC_ENABLE_OBJC_GC = supported;
				GCC_VERSION = 4.2;
				GCC_WARN_ABOUT_RETURN_TYPE = YES;
				GCC_WARN_UNUSED_VARIABLE = YES;
				MACOSX_DEPLOYMENT_TARGET = 10.5;
				SDKROOT = macosx;
			};
			name = Release;
		};
/* End XCBuildConfiguration section */

/* Begin XCConfigurationList section */
		553CAF1F123F2F5C008EA480 /* Build configuration list for PBXNativeTarget "NONSVisualTester" */ = {
			isa = XCConfigurationList;
			buildConfigurations = (
				553CAF1D123F2F5C008EA480 /* Debug */,
				553CAF1E123F2F5C008EA480 /* Release */,
			);
			defaultConfigurationIsVisible = 0;
			defaultConfigurationName = Release;
		};
		55882B6B121CB54900CB16C6 /* Build configuration list for PBXNativeTarget "NonsenseTester" */ = {
			isa = XCConfigurationList;
			buildConfigurations = (
				55882B61121CB53400CB16C6 /* Debug */,
				55882B62121CB53400CB16C6 /* Release */,
			);
			defaultConfigurationIsVisible = 0;
			defaultConfigurationName = Release;
		};
		55C3967D15A20FCB005DBC66 /* Build configuration list for PBXNativeTarget "Nonsense Generator" */ = {
			isa = XCConfigurationList;
			buildConfigurations = (
				55C3967B15A20FCB005DBC66 /* Debug */,
				55C3967C15A20FCB005DBC66 /* Release */,
			);
			defaultConfigurationIsVisible = 0;
			defaultConfigurationName = Release;
		};
		EF7AD72D08BB986600CE4634 /* Build configuration list for PBXNativeTarget "NonsenseSaver" */ = {
			isa = XCConfigurationList;
			buildConfigurations = (
				EF7AD72E08BB986600CE4634 /* Debug */,
				EF7AD72F08BB986600CE4634 /* Release */,
			);
			defaultConfigurationIsVisible = 0;
			defaultConfigurationName = Release;
		};
		EF7AD73108BB986600CE4634 /* Build configuration list for PBXProject "NonsenseSaver" */ = {
			isa = XCConfigurationList;
			buildConfigurations = (
				EF7AD73208BB986600CE4634 /* Debug */,
				EF7AD73308BB986600CE4634 /* Release */,
			);
			defaultConfigurationIsVisible = 0;
			defaultConfigurationName = Release;
		};
/* End XCConfigurationList section */
	};
	rootObject = 089C1669FE841209C02AAC07 /* Project object */;
}
